// !$*UTF8*$!
{
	archiveVersion = 1;
	classes = {
	};
	objectVersion = 46;
	objects = {

/* Begin PBXBuildFile section */
		CD228934160A7AD4003A6FFE /* Social.framework in Frameworks */ = {isa = PBXBuildFile; fileRef = CD228933160A7AD4003A6FFE /* Social.framework */; settings = {ATTRIBUTES = (Weak, ); }; };
		CD228936160A7ADE003A6FFE /* Twitter.framework in Frameworks */ = {isa = PBXBuildFile; fileRef = CD228935160A7ADE003A6FFE /* Twitter.framework */; };
		CD2997C4160802A900A48EDE /* vote12_72x72.png in Resources */ = {isa = PBXBuildFile; fileRef = CD2997BC160802A900A48EDE /* vote12_72x72.png */; };
		CD2997C6160802A900A48EDE /* vote12_144x144.png in Resources */ = {isa = PBXBuildFile; fileRef = CD2997BE160802A900A48EDE /* vote12_144x144.png */; };
		CD2997C8160802A900A48EDE /* vote12_512x512.png in Resources */ = {isa = PBXBuildFile; fileRef = CD2997C0160802A900A48EDE /* vote12_512x512.png */; };
		CD2997CD160802C900A48EDE /* banner.png in Resources */ = {isa = PBXBuildFile; fileRef = CD2997CB160802C900A48EDE /* banner.png */; };
		CD2997CE160802C900A48EDE /* banner@2x.png in Resources */ = {isa = PBXBuildFile; fileRef = CD2997CC160802C900A48EDE /* banner@2x.png */; };
		CD2997D01608175400A48EDE /* vote12_57x57.png in Resources */ = {isa = PBXBuildFile; fileRef = CD2997CF1608175400A48EDE /* vote12_57x57.png */; };
		CD2997D21608176200A48EDE /* vote12_114x114.png in Resources */ = {isa = PBXBuildFile; fileRef = CD2997D11608176200A48EDE /* vote12_114x114.png */; };
		CD3B520515FEAA760093DCDB /* UIKit.framework in Frameworks */ = {isa = PBXBuildFile; fileRef = CD3B520415FEAA760093DCDB /* UIKit.framework */; };
		CD3B520715FEAA760093DCDB /* Foundation.framework in Frameworks */ = {isa = PBXBuildFile; fileRef = CD3B520615FEAA760093DCDB /* Foundation.framework */; };
		CD3B520915FEAA760093DCDB /* CoreGraphics.framework in Frameworks */ = {isa = PBXBuildFile; fileRef = CD3B520815FEAA760093DCDB /* CoreGraphics.framework */; };
		CD3B520F15FEAA760093DCDB /* InfoPlist.strings in Resources */ = {isa = PBXBuildFile; fileRef = CD3B520D15FEAA760093DCDB /* InfoPlist.strings */; };
		CD3B521115FEAA760093DCDB /* main.m in Sources */ = {isa = PBXBuildFile; fileRef = CD3B521015FEAA760093DCDB /* main.m */; };
		CD3B521515FEAA760093DCDB /* AppDelegate.m in Sources */ = {isa = PBXBuildFile; fileRef = CD3B521415FEAA760093DCDB /* AppDelegate.m */; };
		CD3B521815FEAA760093DCDB /* MainStoryboard_iPhone.storyboard in Resources */ = {isa = PBXBuildFile; fileRef = CD3B521615FEAA760093DCDB /* MainStoryboard_iPhone.storyboard */; };
		CD3B521E15FEAA760093DCDB /* ViewController.m in Sources */ = {isa = PBXBuildFile; fileRef = CD3B521D15FEAA760093DCDB /* ViewController.m */; };
		CD3B522C15FEADB60093DCDB /* Default.png in Resources */ = {isa = PBXBuildFile; fileRef = CD3B522B15FEADB60093DCDB /* Default.png */; };
		CD3B522E15FEADC60093DCDB /* Default@2x.png in Resources */ = {isa = PBXBuildFile; fileRef = CD3B522D15FEADC60093DCDB /* Default@2x.png */; };
		CD3C81831606B0EF0094B5EA /* Default-568h@2x.png in Resources */ = {isa = PBXBuildFile; fileRef = CD3C81821606B0EF0094B5EA /* Default-568h@2x.png */; };
		CD3D9C851600195B003BF30B /* Question.m in Sources */ = {isa = PBXBuildFile; fileRef = CD3D9C841600195B003BF30B /* Question.m */; };
		CD4C7227160AB26E00ACD5FD /* Facebook.txt in Resources */ = {isa = PBXBuildFile; fileRef = CD4C7226160AB26E00ACD5FD /* Facebook.txt */; };
		CD4C722B160ABDBB00ACD5FD /* Twitter.txt in Resources */ = {isa = PBXBuildFile; fileRef = CD4C722A160ABDBB00ACD5FD /* Twitter.txt */; };
		CD5EE78115FEE6A3008C99E1 /* ResultsViewController.m in Sources */ = {isa = PBXBuildFile; fileRef = CD5EE78015FEE6A3008C99E1 /* ResultsViewController.m */; };
		CD6F4E7B1609626200B30EE0 /* obama.png in Resources */ = {isa = PBXBuildFile; fileRef = CD6F4E771609626200B30EE0 /* obama.png */; };
		CD6F4E7C1609626200B30EE0 /* obama@2x.png in Resources */ = {isa = PBXBuildFile; fileRef = CD6F4E781609626200B30EE0 /* obama@2x.png */; };
		CD6F4E7D1609626200B30EE0 /* romney.png in Resources */ = {isa = PBXBuildFile; fileRef = CD6F4E791609626200B30EE0 /* romney.png */; };
		CD6F4E7E1609626200B30EE0 /* romney@2x.png in Resources */ = {isa = PBXBuildFile; fileRef = CD6F4E7A1609626200B30EE0 /* romney@2x.png */; };
		CD6F4E8116096D3B00B30EE0 /* Explanation.html in Resources */ = {isa = PBXBuildFile; fileRef = CD6F4E8016096D3B00B30EE0 /* Explanation.html */; };
		CD73443A160C22CC0040F96C /* libFlurry.a in Frameworks */ = {isa = PBXBuildFile; fileRef = CD734439160C22A70040F96C /* libFlurry.a */; };
		CD73443D160C232D0040F96C /* Appirater.m in Sources */ = {isa = PBXBuildFile; fileRef = CD73443C160C232D0040F96C /* Appirater.m */; };
		CD734442160C261C0040F96C /* SystemConfiguration.framework in Frameworks */ = {isa = PBXBuildFile; fileRef = CD734440160C25F30040F96C /* SystemConfiguration.framework */; };
		CD734446160D4AF30040F96C /* Question1.txt in Resources */ = {isa = PBXBuildFile; fileRef = CD734445160D4AF30040F96C /* Question1.txt */; };
		CD734459160D4FC50040F96C /* Question2.txt in Resources */ = {isa = PBXBuildFile; fileRef = CD73444B160D4FC40040F96C /* Question2.txt */; };
		CD73445A160D4FC50040F96C /* Question3.txt in Resources */ = {isa = PBXBuildFile; fileRef = CD73444C160D4FC40040F96C /* Question3.txt */; };
		CD73445B160D4FC50040F96C /* Question4.txt in Resources */ = {isa = PBXBuildFile; fileRef = CD73444D160D4FC40040F96C /* Question4.txt */; };
		CD73445C160D4FC50040F96C /* Question5.txt in Resources */ = {isa = PBXBuildFile; fileRef = CD73444E160D4FC40040F96C /* Question5.txt */; };
		CD73445D160D4FC50040F96C /* Question6.txt in Resources */ = {isa = PBXBuildFile; fileRef = CD73444F160D4FC40040F96C /* Question6.txt */; };
		CD73445E160D4FC50040F96C /* Question7.txt in Resources */ = {isa = PBXBuildFile; fileRef = CD734450160D4FC40040F96C /* Question7.txt */; };
		CD73445F160D4FC50040F96C /* Question8.txt in Resources */ = {isa = PBXBuildFile; fileRef = CD734451160D4FC40040F96C /* Question8.txt */; };
		CD734460160D4FC50040F96C /* Question9.txt in Resources */ = {isa = PBXBuildFile; fileRef = CD734452160D4FC40040F96C /* Question9.txt */; };
		CD734461160D4FC50040F96C /* Question10.txt in Resources */ = {isa = PBXBuildFile; fileRef = CD734453160D4FC40040F96C /* Question10.txt */; };
		CD734462160D4FC50040F96C /* Question11.txt in Resources */ = {isa = PBXBuildFile; fileRef = CD734454160D4FC40040F96C /* Question11.txt */; };
		CD734463160D4FC50040F96C /* Question12.txt in Resources */ = {isa = PBXBuildFile; fileRef = CD734455160D4FC40040F96C /* Question12.txt */; };
		CD734464160D4FC50040F96C /* Question13.txt in Resources */ = {isa = PBXBuildFile; fileRef = CD734456160D4FC40040F96C /* Question13.txt */; };
		CD734465160D4FC50040F96C /* Question14.txt in Resources */ = {isa = PBXBuildFile; fileRef = CD734457160D4FC40040F96C /* Question14.txt */; };
		CD734466160D4FC50040F96C /* Question15.txt in Resources */ = {isa = PBXBuildFile; fileRef = CD734458160D4FC40040F96C /* Question15.txt */; };
		CD734481160E837B0040F96C /* back.png in Resources */ = {isa = PBXBuildFile; fileRef = CD734469160E837B0040F96C /* back.png */; };
		CD734482160E837B0040F96C /* back@2x.png in Resources */ = {isa = PBXBuildFile; fileRef = CD73446A160E837B0040F96C /* back@2x.png */; };
		CD734485160E837B0040F96C /* close.png in Resources */ = {isa = PBXBuildFile; fileRef = CD73446D160E837B0040F96C /* close.png */; };
		CD734486160E837B0040F96C /* close@2x.png in Resources */ = {isa = PBXBuildFile; fileRef = CD73446E160E837B0040F96C /* close@2x.png */; };
		CD734489160E837B0040F96C /* facebook.png in Resources */ = {isa = PBXBuildFile; fileRef = CD734471160E837B0040F96C /* facebook.png */; };
		CD73448A160E837B0040F96C /* facebook@2x.png in Resources */ = {isa = PBXBuildFile; fileRef = CD734472160E837B0040F96C /* facebook@2x.png */; };
		CD73448D160E837B0040F96C /* info.png in Resources */ = {isa = PBXBuildFile; fileRef = CD734475160E837B0040F96C /* info.png */; };
		CD73448E160E837B0040F96C /* info@2x.png in Resources */ = {isa = PBXBuildFile; fileRef = CD734476160E837B0040F96C /* info@2x.png */; };
		CD734491160E837B0040F96C /* share.png in Resources */ = {isa = PBXBuildFile; fileRef = CD734479160E837B0040F96C /* share.png */; };
		CD734492160E837B0040F96C /* share@2x.png in Resources */ = {isa = PBXBuildFile; fileRef = CD73447A160E837B0040F96C /* share@2x.png */; };
		CD734495160E837B0040F96C /* twitter.png in Resources */ = {isa = PBXBuildFile; fileRef = CD73447D160E837B0040F96C /* twitter.png */; };
		CD734496160E837B0040F96C /* twitter@2x.png in Resources */ = {isa = PBXBuildFile; fileRef = CD73447E160E837B0040F96C /* twitter@2x.png */; };
		CD9B03EA1612968C006BF6A6 /* start.png in Resources */ = {isa = PBXBuildFile; fileRef = CD9B03E91612968C006BF6A6 /* start.png */; };
		CD9B03ED16129783006BF6A6 /* start@2x.png in Resources */ = {isa = PBXBuildFile; fileRef = CD9B03EC16129783006BF6A6 /* start@2x.png */; };
		CD9B03F81612B964006BF6A6 /* ballotbox_no.png in Resources */ = {isa = PBXBuildFile; fileRef = CD9B03F21612B963006BF6A6 /* ballotbox_no.png */; };
		CD9B03F91612B964006BF6A6 /* ballotbox_no@2x.png in Resources */ = {isa = PBXBuildFile; fileRef = CD9B03F31612B963006BF6A6 /* ballotbox_no@2x.png */; };
		CD9B03FA1612B964006BF6A6 /* ballotbox_yes.png in Resources */ = {isa = PBXBuildFile; fileRef = CD9B03F41612B963006BF6A6 /* ballotbox_yes.png */; };
		CD9B03FB1612B964006BF6A6 /* ballotbox_yes@2x.png in Resources */ = {isa = PBXBuildFile; fileRef = CD9B03F51612B963006BF6A6 /* ballotbox_yes@2x.png */; };
		CD9B03FC1612B964006BF6A6 /* ballotbox.png in Resources */ = {isa = PBXBuildFile; fileRef = CD9B03F61612B964006BF6A6 /* ballotbox.png */; };
		CD9B03FD1612B964006BF6A6 /* ballotbox@2x.png in Resources */ = {isa = PBXBuildFile; fileRef = CD9B03F71612B964006BF6A6 /* ballotbox@2x.png */; };
		CD9B03FF1612BDBB006BF6A6 /* vote12_1024x1024.png in Resources */ = {isa = PBXBuildFile; fileRef = CD9B03FE1612BDBB006BF6A6 /* vote12_1024x1024.png */; };
		CD9B040C1613B1BE006BF6A6 /* start_over.png in Resources */ = {isa = PBXBuildFile; fileRef = CD9B04081613B1BE006BF6A6 /* start_over.png */; };
		CD9B040D1613B1BE006BF6A6 /* start_over@2x.png in Resources */ = {isa = PBXBuildFile; fileRef = CD9B04091613B1BE006BF6A6 /* start_over@2x.png */; };
		CD9B040E1613B1BE006BF6A6 /* start_pressed.png in Resources */ = {isa = PBXBuildFile; fileRef = CD9B040A1613B1BE006BF6A6 /* start_pressed.png */; };
		CD9B040F1613B1BE006BF6A6 /* start_pressed@2x.png in Resources */ = {isa = PBXBuildFile; fileRef = CD9B040B1613B1BE006BF6A6 /* start_pressed@2x.png */; };
		CDF91660161BE38100EC61A2 /* WebViewController.m in Sources */ = {isa = PBXBuildFile; fileRef = CDF9165F161BE38100EC61A2 /* WebViewController.m */; };
		CDF91670161CA2BF00EC61A2 /* forward.png in Resources */ = {isa = PBXBuildFile; fileRef = CDF9166E161CA2BF00EC61A2 /* forward.png */; };
		CDF91671161CA2BF00EC61A2 /* forward@2x.png in Resources */ = {isa = PBXBuildFile; fileRef = CDF9166F161CA2BF00EC61A2 /* forward@2x.png */; };
/* End PBXBuildFile section */

/* Begin PBXFileReference section */
		CD228933160A7AD4003A6FFE /* Social.framework */ = {isa = PBXFileReference; lastKnownFileType = wrapper.framework; name = Social.framework; path = System/Library/Frameworks/Social.framework; sourceTree = SDKROOT; };
		CD228935160A7ADE003A6FFE /* Twitter.framework */ = {isa = PBXFileReference; lastKnownFileType = wrapper.framework; name = Twitter.framework; path = System/Library/Frameworks/Twitter.framework; sourceTree = SDKROOT; };
		CD2997BC160802A900A48EDE /* vote12_72x72.png */ = {isa = PBXFileReference; lastKnownFileType = image.png; path = vote12_72x72.png; sourceTree = "<group>"; };
		CD2997BE160802A900A48EDE /* vote12_144x144.png */ = {isa = PBXFileReference; lastKnownFileType = image.png; path = vote12_144x144.png; sourceTree = "<group>"; };
		CD2997C0160802A900A48EDE /* vote12_512x512.png */ = {isa = PBXFileReference; lastKnownFileType = image.png; path = vote12_512x512.png; sourceTree = "<group>"; };
		CD2997CB160802C900A48EDE /* banner.png */ = {isa = PBXFileReference; lastKnownFileType = image.png; path = banner.png; sourceTree = "<group>"; };
		CD2997CC160802C900A48EDE /* banner@2x.png */ = {isa = PBXFileReference; lastKnownFileType = image.png; path = "banner@2x.png"; sourceTree = "<group>"; };
		CD2997CF1608175400A48EDE /* vote12_57x57.png */ = {isa = PBXFileReference; lastKnownFileType = image.png; name = vote12_57x57.png; path = ../vote12_57x57.png; sourceTree = "<group>"; };
		CD2997D11608176200A48EDE /* vote12_114x114.png */ = {isa = PBXFileReference; lastKnownFileType = image.png; name = vote12_114x114.png; path = ../vote12_114x114.png; sourceTree = "<group>"; };
		CD3B520015FEAA760093DCDB /* Vote2012.app */ = {isa = PBXFileReference; explicitFileType = wrapper.application; includeInIndex = 0; path = Vote2012.app; sourceTree = BUILT_PRODUCTS_DIR; };
		CD3B520415FEAA760093DCDB /* UIKit.framework */ = {isa = PBXFileReference; lastKnownFileType = wrapper.framework; name = UIKit.framework; path = System/Library/Frameworks/UIKit.framework; sourceTree = SDKROOT; };
		CD3B520615FEAA760093DCDB /* Foundation.framework */ = {isa = PBXFileReference; lastKnownFileType = wrapper.framework; name = Foundation.framework; path = System/Library/Frameworks/Foundation.framework; sourceTree = SDKROOT; };
		CD3B520815FEAA760093DCDB /* CoreGraphics.framework */ = {isa = PBXFileReference; lastKnownFileType = wrapper.framework; name = CoreGraphics.framework; path = System/Library/Frameworks/CoreGraphics.framework; sourceTree = SDKROOT; };
		CD3B520C15FEAA760093DCDB /* Vote2012-Info.plist */ = {isa = PBXFileReference; lastKnownFileType = text.plist.xml; path = "Vote2012-Info.plist"; sourceTree = "<group>"; };
		CD3B520E15FEAA760093DCDB /* en */ = {isa = PBXFileReference; lastKnownFileType = text.plist.strings; name = en; path = en.lproj/InfoPlist.strings; sourceTree = "<group>"; };
		CD3B521015FEAA760093DCDB /* main.m */ = {isa = PBXFileReference; lastKnownFileType = sourcecode.c.objc; path = main.m; sourceTree = "<group>"; };
		CD3B521215FEAA760093DCDB /* Vote2012-Prefix.pch */ = {isa = PBXFileReference; lastKnownFileType = sourcecode.c.h; path = "Vote2012-Prefix.pch"; sourceTree = "<group>"; };
		CD3B521315FEAA760093DCDB /* AppDelegate.h */ = {isa = PBXFileReference; lastKnownFileType = sourcecode.c.h; path = AppDelegate.h; sourceTree = "<group>"; };
		CD3B521415FEAA760093DCDB /* AppDelegate.m */ = {isa = PBXFileReference; lastKnownFileType = sourcecode.c.objc; path = AppDelegate.m; sourceTree = "<group>"; };
		CD3B521715FEAA760093DCDB /* en */ = {isa = PBXFileReference; lastKnownFileType = file.storyboard; name = en; path = en.lproj/MainStoryboard_iPhone.storyboard; sourceTree = "<group>"; };
		CD3B521C15FEAA760093DCDB /* ViewController.h */ = {isa = PBXFileReference; lastKnownFileType = sourcecode.c.h; path = ViewController.h; sourceTree = "<group>"; };
		CD3B521D15FEAA760093DCDB /* ViewController.m */ = {isa = PBXFileReference; lastKnownFileType = sourcecode.c.objc; path = ViewController.m; sourceTree = "<group>"; };
		CD3B522B15FEADB60093DCDB /* Default.png */ = {isa = PBXFileReference; lastKnownFileType = image.png; name = Default.png; path = ../Default.png; sourceTree = "<group>"; };
		CD3B522D15FEADC60093DCDB /* Default@2x.png */ = {isa = PBXFileReference; lastKnownFileType = image.png; name = "Default@2x.png"; path = "../Default@2x.png"; sourceTree = "<group>"; };
		CD3C81821606B0EF0094B5EA /* Default-568h@2x.png */ = {isa = PBXFileReference; lastKnownFileType = image.png; name = "Default-568h@2x.png"; path = "../Default-568h@2x.png"; sourceTree = "<group>"; };
		CD3D9C831600195B003BF30B /* Question.h */ = {isa = PBXFileReference; fileEncoding = 4; lastKnownFileType = sourcecode.c.h; path = Question.h; sourceTree = "<group>"; };
		CD3D9C841600195B003BF30B /* Question.m */ = {isa = PBXFileReference; fileEncoding = 4; lastKnownFileType = sourcecode.c.objc; path = Question.m; sourceTree = "<group>"; };
		CD4C7226160AB26E00ACD5FD /* Facebook.txt */ = {isa = PBXFileReference; fileEncoding = 4; lastKnownFileType = text; path = Facebook.txt; sourceTree = "<group>"; };
		CD4C722A160ABDBB00ACD5FD /* Twitter.txt */ = {isa = PBXFileReference; fileEncoding = 4; lastKnownFileType = text; path = Twitter.txt; sourceTree = "<group>"; };
		CD5EE77F15FEE6A3008C99E1 /* ResultsViewController.h */ = {isa = PBXFileReference; fileEncoding = 4; lastKnownFileType = sourcecode.c.h; path = ResultsViewController.h; sourceTree = "<group>"; };
		CD5EE78015FEE6A3008C99E1 /* ResultsViewController.m */ = {isa = PBXFileReference; fileEncoding = 4; lastKnownFileType = sourcecode.c.objc; path = ResultsViewController.m; sourceTree = "<group>"; };
		CD6F4E771609626200B30EE0 /* obama.png */ = {isa = PBXFileReference; lastKnownFileType = image.png; path = obama.png; sourceTree = "<group>"; };
		CD6F4E781609626200B30EE0 /* obama@2x.png */ = {isa = PBXFileReference; lastKnownFileType = image.png; path = "obama@2x.png"; sourceTree = "<group>"; };
		CD6F4E791609626200B30EE0 /* romney.png */ = {isa = PBXFileReference; lastKnownFileType = image.png; path = romney.png; sourceTree = "<group>"; };
		CD6F4E7A1609626200B30EE0 /* romney@2x.png */ = {isa = PBXFileReference; lastKnownFileType = image.png; path = "romney@2x.png"; sourceTree = "<group>"; };
		CD6F4E8016096D3B00B30EE0 /* Explanation.html */ = {isa = PBXFileReference; fileEncoding = 4; lastKnownFileType = text.html; path = Explanation.html; sourceTree = "<group>"; };
		CD734438160C22A70040F96C /* Flurry.h */ = {isa = PBXFileReference; lastKnownFileType = sourcecode.c.h; path = Flurry.h; sourceTree = "<group>"; };
		CD734439160C22A70040F96C /* libFlurry.a */ = {isa = PBXFileReference; lastKnownFileType = archive.ar; path = libFlurry.a; sourceTree = "<group>"; };
		CD73443B160C232D0040F96C /* Appirater.h */ = {isa = PBXFileReference; fileEncoding = 4; lastKnownFileType = sourcecode.c.h; path = Appirater.h; sourceTree = "<group>"; };
		CD73443C160C232D0040F96C /* Appirater.m */ = {isa = PBXFileReference; fileEncoding = 4; lastKnownFileType = sourcecode.c.objc; path = Appirater.m; sourceTree = "<group>"; };
		CD734440160C25F30040F96C /* SystemConfiguration.framework */ = {isa = PBXFileReference; lastKnownFileType = wrapper.framework; name = SystemConfiguration.framework; path = System/Library/Frameworks/SystemConfiguration.framework; sourceTree = SDKROOT; };
		CD734445160D4AF30040F96C /* Question1.txt */ = {isa = PBXFileReference; fileEncoding = 4; lastKnownFileType = text; path = Question1.txt; sourceTree = "<group>"; };
		CD73444B160D4FC40040F96C /* Question2.txt */ = {isa = PBXFileReference; fileEncoding = 4; lastKnownFileType = text; path = Question2.txt; sourceTree = "<group>"; };
		CD73444C160D4FC40040F96C /* Question3.txt */ = {isa = PBXFileReference; fileEncoding = 4; lastKnownFileType = text; path = Question3.txt; sourceTree = "<group>"; };
		CD73444D160D4FC40040F96C /* Question4.txt */ = {isa = PBXFileReference; fileEncoding = 4; lastKnownFileType = text; path = Question4.txt; sourceTree = "<group>"; };
		CD73444E160D4FC40040F96C /* Question5.txt */ = {isa = PBXFileReference; fileEncoding = 4; lastKnownFileType = text; path = Question5.txt; sourceTree = "<group>"; };
		CD73444F160D4FC40040F96C /* Question6.txt */ = {isa = PBXFileReference; fileEncoding = 4; lastKnownFileType = text; path = Question6.txt; sourceTree = "<group>"; };
		CD734450160D4FC40040F96C /* Question7.txt */ = {isa = PBXFileReference; fileEncoding = 4; lastKnownFileType = text; path = Question7.txt; sourceTree = "<group>"; };
		CD734451160D4FC40040F96C /* Question8.txt */ = {isa = PBXFileReference; fileEncoding = 4; lastKnownFileType = text; path = Question8.txt; sourceTree = "<group>"; };
		CD734452160D4FC40040F96C /* Question9.txt */ = {isa = PBXFileReference; fileEncoding = 4; lastKnownFileType = text; path = Question9.txt; sourceTree = "<group>"; };
		CD734453160D4FC40040F96C /* Question10.txt */ = {isa = PBXFileReference; fileEncoding = 4; lastKnownFileType = text; path = Question10.txt; sourceTree = "<group>"; };
		CD734454160D4FC40040F96C /* Question11.txt */ = {isa = PBXFileReference; fileEncoding = 4; lastKnownFileType = text; path = Question11.txt; sourceTree = "<group>"; };
		CD734455160D4FC40040F96C /* Question12.txt */ = {isa = PBXFileReference; fileEncoding = 4; lastKnownFileType = text; path = Question12.txt; sourceTree = "<group>"; };
		CD734456160D4FC40040F96C /* Question13.txt */ = {isa = PBXFileReference; fileEncoding = 4; lastKnownFileType = text; path = Question13.txt; sourceTree = "<group>"; };
		CD734457160D4FC40040F96C /* Question14.txt */ = {isa = PBXFileReference; fileEncoding = 4; lastKnownFileType = text; path = Question14.txt; sourceTree = "<group>"; };
		CD734458160D4FC40040F96C /* Question15.txt */ = {isa = PBXFileReference; fileEncoding = 4; lastKnownFileType = text; path = Question15.txt; sourceTree = "<group>"; };
		CD734469160E837B0040F96C /* back.png */ = {isa = PBXFileReference; lastKnownFileType = image.png; path = back.png; sourceTree = "<group>"; };
		CD73446A160E837B0040F96C /* back@2x.png */ = {isa = PBXFileReference; lastKnownFileType = image.png; path = "back@2x.png"; sourceTree = "<group>"; };
		CD73446D160E837B0040F96C /* close.png */ = {isa = PBXFileReference; lastKnownFileType = image.png; path = close.png; sourceTree = "<group>"; };
		CD73446E160E837B0040F96C /* close@2x.png */ = {isa = PBXFileReference; lastKnownFileType = image.png; path = "close@2x.png"; sourceTree = "<group>"; };
		CD734471160E837B0040F96C /* facebook.png */ = {isa = PBXFileReference; lastKnownFileType = image.png; path = facebook.png; sourceTree = "<group>"; };
		CD734472160E837B0040F96C /* facebook@2x.png */ = {isa = PBXFileReference; lastKnownFileType = image.png; path = "facebook@2x.png"; sourceTree = "<group>"; };
		CD734475160E837B0040F96C /* info.png */ = {isa = PBXFileReference; lastKnownFileType = image.png; path = info.png; sourceTree = "<group>"; };
		CD734476160E837B0040F96C /* info@2x.png */ = {isa = PBXFileReference; lastKnownFileType = image.png; path = "info@2x.png"; sourceTree = "<group>"; };
		CD734479160E837B0040F96C /* share.png */ = {isa = PBXFileReference; lastKnownFileType = image.png; path = share.png; sourceTree = "<group>"; };
		CD73447A160E837B0040F96C /* share@2x.png */ = {isa = PBXFileReference; lastKnownFileType = image.png; path = "share@2x.png"; sourceTree = "<group>"; };
		CD73447D160E837B0040F96C /* twitter.png */ = {isa = PBXFileReference; lastKnownFileType = image.png; path = twitter.png; sourceTree = "<group>"; };
		CD73447E160E837B0040F96C /* twitter@2x.png */ = {isa = PBXFileReference; lastKnownFileType = image.png; path = "twitter@2x.png"; sourceTree = "<group>"; };
		CD9B03E91612968C006BF6A6 /* start.png */ = {isa = PBXFileReference; lastKnownFileType = image.png; path = start.png; sourceTree = "<group>"; };
		CD9B03EC16129783006BF6A6 /* start@2x.png */ = {isa = PBXFileReference; lastKnownFileType = image.png; path = "start@2x.png"; sourceTree = "<group>"; };
		CD9B03F21612B963006BF6A6 /* ballotbox_no.png */ = {isa = PBXFileReference; lastKnownFileType = image.png; path = ballotbox_no.png; sourceTree = "<group>"; };
		CD9B03F31612B963006BF6A6 /* ballotbox_no@2x.png */ = {isa = PBXFileReference; lastKnownFileType = image.png; path = "ballotbox_no@2x.png"; sourceTree = "<group>"; };
		CD9B03F41612B963006BF6A6 /* ballotbox_yes.png */ = {isa = PBXFileReference; lastKnownFileType = image.png; path = ballotbox_yes.png; sourceTree = "<group>"; };
		CD9B03F51612B963006BF6A6 /* ballotbox_yes@2x.png */ = {isa = PBXFileReference; lastKnownFileType = image.png; path = "ballotbox_yes@2x.png"; sourceTree = "<group>"; };
		CD9B03F61612B964006BF6A6 /* ballotbox.png */ = {isa = PBXFileReference; lastKnownFileType = image.png; path = ballotbox.png; sourceTree = "<group>"; };
		CD9B03F71612B964006BF6A6 /* ballotbox@2x.png */ = {isa = PBXFileReference; lastKnownFileType = image.png; path = "ballotbox@2x.png"; sourceTree = "<group>"; };
		CD9B03FE1612BDBB006BF6A6 /* vote12_1024x1024.png */ = {isa = PBXFileReference; lastKnownFileType = image.png; path = vote12_1024x1024.png; sourceTree = "<group>"; };
		CD9B04081613B1BE006BF6A6 /* start_over.png */ = {isa = PBXFileReference; lastKnownFileType = image.png; path = start_over.png; sourceTree = "<group>"; };
		CD9B04091613B1BE006BF6A6 /* start_over@2x.png */ = {isa = PBXFileReference; lastKnownFileType = image.png; path = "start_over@2x.png"; sourceTree = "<group>"; };
		CD9B040A1613B1BE006BF6A6 /* start_pressed.png */ = {isa = PBXFileReference; lastKnownFileType = image.png; path = start_pressed.png; sourceTree = "<group>"; };
		CD9B040B1613B1BE006BF6A6 /* start_pressed@2x.png */ = {isa = PBXFileReference; lastKnownFileType = image.png; path = "start_pressed@2x.png"; sourceTree = "<group>"; };
		CDF9165E161BE38100EC61A2 /* WebViewController.h */ = {isa = PBXFileReference; fileEncoding = 4; lastKnownFileType = sourcecode.c.h; path = WebViewController.h; sourceTree = "<group>"; };
		CDF9165F161BE38100EC61A2 /* WebViewController.m */ = {isa = PBXFileReference; fileEncoding = 4; lastKnownFileType = sourcecode.c.objc; path = WebViewController.m; sourceTree = "<group>"; };
		CDF9166E161CA2BF00EC61A2 /* forward.png */ = {isa = PBXFileReference; lastKnownFileType = image.png; path = forward.png; sourceTree = "<group>"; };
		CDF9166F161CA2BF00EC61A2 /* forward@2x.png */ = {isa = PBXFileReference; lastKnownFileType = image.png; path = "forward@2x.png"; sourceTree = "<group>"; };
/* End PBXFileReference section */

/* Begin PBXFrameworksBuildPhase section */
		CD3B51FD15FEAA760093DCDB /* Frameworks */ = {
			isa = PBXFrameworksBuildPhase;
			buildActionMask = 2147483647;
			files = (
				CD734442160C261C0040F96C /* SystemConfiguration.framework in Frameworks */,
				CD73443A160C22CC0040F96C /* libFlurry.a in Frameworks */,
				CD228936160A7ADE003A6FFE /* Twitter.framework in Frameworks */,
				CD228934160A7AD4003A6FFE /* Social.framework in Frameworks */,
				CD3B520515FEAA760093DCDB /* UIKit.framework in Frameworks */,
				CD3B520715FEAA760093DCDB /* Foundation.framework in Frameworks */,
				CD3B520915FEAA760093DCDB /* CoreGraphics.framework in Frameworks */,
			);
			runOnlyForDeploymentPostprocessing = 0;
		};
/* End PBXFrameworksBuildPhase section */

/* Begin PBXGroup section */
		CD3B51F515FEAA760093DCDB = {
			isa = PBXGroup;
			children = (
				CD3B520A15FEAA760093DCDB /* Vote2012 */,
				CD3B520315FEAA760093DCDB /* Frameworks */,
				CD3B520115FEAA760093DCDB /* Products */,
			);
			sourceTree = "<group>";
		};
		CD3B520115FEAA760093DCDB /* Products */ = {
			isa = PBXGroup;
			children = (
				CD3B520015FEAA760093DCDB /* Vote2012.app */,
			);
			name = Products;
			sourceTree = "<group>";
		};
		CD3B520315FEAA760093DCDB /* Frameworks */ = {
			isa = PBXGroup;
			children = (
				CD734440160C25F30040F96C /* SystemConfiguration.framework */,
				CD228935160A7ADE003A6FFE /* Twitter.framework */,
				CD228933160A7AD4003A6FFE /* Social.framework */,
				CD3B520415FEAA760093DCDB /* UIKit.framework */,
				CD3B520615FEAA760093DCDB /* Foundation.framework */,
				CD3B520815FEAA760093DCDB /* CoreGraphics.framework */,
			);
			name = Frameworks;
			sourceTree = "<group>";
		};
		CD3B520A15FEAA760093DCDB /* Vote2012 */ = {
			isa = PBXGroup;
			children = (
				CD3B521315FEAA760093DCDB /* AppDelegate.h */,
				CD3B521415FEAA760093DCDB /* AppDelegate.m */,
				CD3B522415FEAB910093DCDB /* Assets */,
				CD3D9C8B16001AA8003BF30B /* GUI */,
				CD3D9C8A16001A9E003BF30B /* Model */,
				CD3B520B15FEAA760093DCDB /* Supporting Files */,
			);
			path = Vote2012;
			sourceTree = "<group>";
		};
		CD3B520B15FEAA760093DCDB /* Supporting Files */ = {
			isa = PBXGroup;
			children = (
				CD73443B160C232D0040F96C /* Appirater.h */,
				CD73443C160C232D0040F96C /* Appirater.m */,
				CD734438160C22A70040F96C /* Flurry.h */,
				CD734439160C22A70040F96C /* libFlurry.a */,
				CD3B520C15FEAA760093DCDB /* Vote2012-Info.plist */,
				CD3B520D15FEAA760093DCDB /* InfoPlist.strings */,
				CD3B521015FEAA760093DCDB /* main.m */,
				CD3B521215FEAA760093DCDB /* Vote2012-Prefix.pch */,
			);
			name = "Supporting Files";
			sourceTree = "<group>";
		};
		CD3B522415FEAB910093DCDB /* Assets */ = {
			isa = PBXGroup;
			children = (
				CD734444160D4ABE0040F96C /* explanations */,
				CD7343EE160C1CAD0040F96C /* buttons */,
				CD6F4E771609626200B30EE0 /* obama.png */,
				CD6F4E781609626200B30EE0 /* obama@2x.png */,
				CD6F4E791609626200B30EE0 /* romney.png */,
				CD6F4E7A1609626200B30EE0 /* romney@2x.png */,
				CD2997CB160802C900A48EDE /* banner.png */,
				CD2997CC160802C900A48EDE /* banner@2x.png */,
				CD2997CF1608175400A48EDE /* vote12_57x57.png */,
				CD2997BC160802A900A48EDE /* vote12_72x72.png */,
				CD2997D11608176200A48EDE /* vote12_114x114.png */,
				CD2997BE160802A900A48EDE /* vote12_144x144.png */,
				CD2997C0160802A900A48EDE /* vote12_512x512.png */,
				CD9B03FE1612BDBB006BF6A6 /* vote12_1024x1024.png */,
				CD3B522B15FEADB60093DCDB /* Default.png */,
				CD3B522D15FEADC60093DCDB /* Default@2x.png */,
				CD3C81821606B0EF0094B5EA /* Default-568h@2x.png */,
				CD4C7226160AB26E00ACD5FD /* Facebook.txt */,
				CD4C722A160ABDBB00ACD5FD /* Twitter.txt */,
			);
			name = Assets;
			sourceTree = "<group>";
		};
		CD3D9C8A16001A9E003BF30B /* Model */ = {
			isa = PBXGroup;
			children = (
				CD3D9C831600195B003BF30B /* Question.h */,
				CD3D9C841600195B003BF30B /* Question.m */,
			);
			name = Model;
			sourceTree = "<group>";
		};
		CD3D9C8B16001AA8003BF30B /* GUI */ = {
			isa = PBXGroup;
			children = (
				CD3B521615FEAA760093DCDB /* MainStoryboard_iPhone.storyboard */,
				CD3B521C15FEAA760093DCDB /* ViewController.h */,
				CD3B521D15FEAA760093DCDB /* ViewController.m */,
				CD5EE77F15FEE6A3008C99E1 /* ResultsViewController.h */,
				CD5EE78015FEE6A3008C99E1 /* ResultsViewController.m */,
				CDF9165E161BE38100EC61A2 /* WebViewController.h */,
				CDF9165F161BE38100EC61A2 /* WebViewController.m */,
			);
			name = GUI;
			sourceTree = "<group>";
		};
		CD7343EE160C1CAD0040F96C /* buttons */ = {
			isa = PBXGroup;
			children = (
				CD9B03F21612B963006BF6A6 /* ballotbox_no.png */,
				CD9B03F31612B963006BF6A6 /* ballotbox_no@2x.png */,
				CD9B03F41612B963006BF6A6 /* ballotbox_yes.png */,
				CD9B03F51612B963006BF6A6 /* ballotbox_yes@2x.png */,
				CD9B03F61612B964006BF6A6 /* ballotbox.png */,
				CD9B03F71612B964006BF6A6 /* ballotbox@2x.png */,
				CD9B03E91612968C006BF6A6 /* start.png */,
				CD9B03EC16129783006BF6A6 /* start@2x.png */,
				CD9B04081613B1BE006BF6A6 /* start_over.png */,
				CD9B04091613B1BE006BF6A6 /* start_over@2x.png */,
				CD9B040A1613B1BE006BF6A6 /* start_pressed.png */,
				CD9B040B1613B1BE006BF6A6 /* start_pressed@2x.png */,
				CD734469160E837B0040F96C /* back.png */,
				CD73446A160E837B0040F96C /* back@2x.png */,
				CDF9166E161CA2BF00EC61A2 /* forward.png */,
				CDF9166F161CA2BF00EC61A2 /* forward@2x.png */,
				CD73446D160E837B0040F96C /* close.png */,
				CD73446E160E837B0040F96C /* close@2x.png */,
				CD734471160E837B0040F96C /* facebook.png */,
				CD734472160E837B0040F96C /* facebook@2x.png */,
				CD734475160E837B0040F96C /* info.png */,
				CD734476160E837B0040F96C /* info@2x.png */,
				CD734479160E837B0040F96C /* share.png */,
				CD73447A160E837B0040F96C /* share@2x.png */,
				CD73447D160E837B0040F96C /* twitter.png */,
				CD73447E160E837B0040F96C /* twitter@2x.png */,
			);
			name = buttons;
			sourceTree = "<group>";
		};
		CD734444160D4ABE0040F96C /* explanations */ = {
			isa = PBXGroup;
			children = (
				CD6F4E8016096D3B00B30EE0 /* Explanation.html */,
				CD734445160D4AF30040F96C /* Question1.txt */,
				CD73444B160D4FC40040F96C /* Question2.txt */,
				CD73444C160D4FC40040F96C /* Question3.txt */,
				CD73444D160D4FC40040F96C /* Question4.txt */,
				CD73444E160D4FC40040F96C /* Question5.txt */,
				CD73444F160D4FC40040F96C /* Question6.txt */,
				CD734450160D4FC40040F96C /* Question7.txt */,
				CD734451160D4FC40040F96C /* Question8.txt */,
				CD734452160D4FC40040F96C /* Question9.txt */,
				CD734453160D4FC40040F96C /* Question10.txt */,
				CD734454160D4FC40040F96C /* Question11.txt */,
				CD734455160D4FC40040F96C /* Question12.txt */,
				CD734456160D4FC40040F96C /* Question13.txt */,
				CD734457160D4FC40040F96C /* Question14.txt */,
				CD734458160D4FC40040F96C /* Question15.txt */,
			);
			name = explanations;
			sourceTree = "<group>";
		};
/* End PBXGroup section */

/* Begin PBXNativeTarget section */
		CD3B51FF15FEAA760093DCDB /* Vote2012 */ = {
			isa = PBXNativeTarget;
			buildConfigurationList = CD3B522115FEAA760093DCDB /* Build configuration list for PBXNativeTarget "Vote2012" */;
			buildPhases = (
				CD3B51FC15FEAA760093DCDB /* Sources */,
				CD3B51FD15FEAA760093DCDB /* Frameworks */,
				CD3B51FE15FEAA760093DCDB /* Resources */,
			);
			buildRules = (
			);
			dependencies = (
			);
			name = Vote2012;
			productName = Vote2012;
			productReference = CD3B520015FEAA760093DCDB /* Vote2012.app */;
			productType = "com.apple.product-type.application";
		};
/* End PBXNativeTarget section */

/* Begin PBXProject section */
		CD3B51F715FEAA760093DCDB /* Project object */ = {
			isa = PBXProject;
			attributes = {
				LastUpgradeCheck = 0440;
				ORGANIZATIONNAME = "Patrick Crager";
			};
			buildConfigurationList = CD3B51FA15FEAA760093DCDB /* Build configuration list for PBXProject "Vote2012" */;
			compatibilityVersion = "Xcode 3.2";
			developmentRegion = English;
			hasScannedForEncodings = 0;
			knownRegions = (
				en,
			);
			mainGroup = CD3B51F515FEAA760093DCDB;
			productRefGroup = CD3B520115FEAA760093DCDB /* Products */;
			projectDirPath = "";
			projectRoot = "";
			targets = (
				CD3B51FF15FEAA760093DCDB /* Vote2012 */,
			);
		};
/* End PBXProject section */

/* Begin PBXResourcesBuildPhase section */
		CD3B51FE15FEAA760093DCDB /* Resources */ = {
			isa = PBXResourcesBuildPhase;
			buildActionMask = 2147483647;
			files = (
				CD3B520F15FEAA760093DCDB /* InfoPlist.strings in Resources */,
				CD3B521815FEAA760093DCDB /* MainStoryboard_iPhone.storyboard in Resources */,
				CD3B522C15FEADB60093DCDB /* Default.png in Resources */,
				CD3B522E15FEADC60093DCDB /* Default@2x.png in Resources */,
				CD3C81831606B0EF0094B5EA /* Default-568h@2x.png in Resources */,
				CD2997C4160802A900A48EDE /* vote12_72x72.png in Resources */,
				CD2997C6160802A900A48EDE /* vote12_144x144.png in Resources */,
				CD2997C8160802A900A48EDE /* vote12_512x512.png in Resources */,
				CD2997CD160802C900A48EDE /* banner.png in Resources */,
				CD2997CE160802C900A48EDE /* banner@2x.png in Resources */,
				CD2997D01608175400A48EDE /* vote12_57x57.png in Resources */,
				CD2997D21608176200A48EDE /* vote12_114x114.png in Resources */,
				CD6F4E7B1609626200B30EE0 /* obama.png in Resources */,
				CD6F4E7C1609626200B30EE0 /* obama@2x.png in Resources */,
				CD6F4E7D1609626200B30EE0 /* romney.png in Resources */,
				CD6F4E7E1609626200B30EE0 /* romney@2x.png in Resources */,
				CD6F4E8116096D3B00B30EE0 /* Explanation.html in Resources */,
				CD4C7227160AB26E00ACD5FD /* Facebook.txt in Resources */,
				CD4C722B160ABDBB00ACD5FD /* Twitter.txt in Resources */,
				CD734446160D4AF30040F96C /* Question1.txt in Resources */,
				CD734459160D4FC50040F96C /* Question2.txt in Resources */,
				CD73445A160D4FC50040F96C /* Question3.txt in Resources */,
				CD73445B160D4FC50040F96C /* Question4.txt in Resources */,
				CD73445C160D4FC50040F96C /* Question5.txt in Resources */,
				CD73445D160D4FC50040F96C /* Question6.txt in Resources */,
				CD73445E160D4FC50040F96C /* Question7.txt in Resources */,
				CD73445F160D4FC50040F96C /* Question8.txt in Resources */,
				CD734460160D4FC50040F96C /* Question9.txt in Resources */,
				CD734461160D4FC50040F96C /* Question10.txt in Resources */,
				CD734462160D4FC50040F96C /* Question11.txt in Resources */,
				CD734463160D4FC50040F96C /* Question12.txt in Resources */,
				CD734464160D4FC50040F96C /* Question13.txt in Resources */,
				CD734465160D4FC50040F96C /* Question14.txt in Resources */,
				CD734466160D4FC50040F96C /* Question15.txt in Resources */,
				CD734481160E837B0040F96C /* back.png in Resources */,
				CD734482160E837B0040F96C /* back@2x.png in Resources */,
				CD734485160E837B0040F96C /* close.png in Resources */,
				CD734486160E837B0040F96C /* close@2x.png in Resources */,
				CD734489160E837B0040F96C /* facebook.png in Resources */,
				CD73448A160E837B0040F96C /* facebook@2x.png in Resources */,
				CD73448D160E837B0040F96C /* info.png in Resources */,
				CD73448E160E837B0040F96C /* info@2x.png in Resources */,
				CD734491160E837B0040F96C /* share.png in Resources */,
				CD734492160E837B0040F96C /* share@2x.png in Resources */,
				CD734495160E837B0040F96C /* twitter.png in Resources */,
				CD734496160E837B0040F96C /* twitter@2x.png in Resources */,
				CD9B03EA1612968C006BF6A6 /* start.png in Resources */,
				CD9B03ED16129783006BF6A6 /* start@2x.png in Resources */,
				CD9B03F81612B964006BF6A6 /* ballotbox_no.png in Resources */,
				CD9B03F91612B964006BF6A6 /* ballotbox_no@2x.png in Resources */,
				CD9B03FA1612B964006BF6A6 /* ballotbox_yes.png in Resources */,
				CD9B03FB1612B964006BF6A6 /* ballotbox_yes@2x.png in Resources */,
				CD9B03FC1612B964006BF6A6 /* ballotbox.png in Resources */,
				CD9B03FD1612B964006BF6A6 /* ballotbox@2x.png in Resources */,
				CD9B03FF1612BDBB006BF6A6 /* vote12_1024x1024.png in Resources */,
				CD9B040C1613B1BE006BF6A6 /* start_over.png in Resources */,
				CD9B040D1613B1BE006BF6A6 /* start_over@2x.png in Resources */,
				CD9B040E1613B1BE006BF6A6 /* start_pressed.png in Resources */,
				CD9B040F1613B1BE006BF6A6 /* start_pressed@2x.png in Resources */,
				CDF91670161CA2BF00EC61A2 /* forward.png in Resources */,
				CDF91671161CA2BF00EC61A2 /* forward@2x.png in Resources */,
			);
			runOnlyForDeploymentPostprocessing = 0;
		};
/* End PBXResourcesBuildPhase section */

/* Begin PBXSourcesBuildPhase section */
		CD3B51FC15FEAA760093DCDB /* Sources */ = {
			isa = PBXSourcesBuildPhase;
			buildActionMask = 2147483647;
			files = (
				CD3B521115FEAA760093DCDB /* main.m in Sources */,
				CD3B521515FEAA760093DCDB /* AppDelegate.m in Sources */,
				CD3B521E15FEAA760093DCDB /* ViewController.m in Sources */,
				CD5EE78115FEE6A3008C99E1 /* ResultsViewController.m in Sources */,
				CD3D9C851600195B003BF30B /* Question.m in Sources */,
				CD73443D160C232D0040F96C /* Appirater.m in Sources */,
				CDF91660161BE38100EC61A2 /* WebViewController.m in Sources */,
			);
			runOnlyForDeploymentPostprocessing = 0;
		};
/* End PBXSourcesBuildPhase section */

/* Begin PBXVariantGroup section */
		CD3B520D15FEAA760093DCDB /* InfoPlist.strings */ = {
			isa = PBXVariantGroup;
			children = (
				CD3B520E15FEAA760093DCDB /* en */,
			);
			name = InfoPlist.strings;
			sourceTree = "<group>";
		};
		CD3B521615FEAA760093DCDB /* MainStoryboard_iPhone.storyboard */ = {
			isa = PBXVariantGroup;
			children = (
				CD3B521715FEAA760093DCDB /* en */,
			);
			name = MainStoryboard_iPhone.storyboard;
			sourceTree = "<group>";
		};
/* End PBXVariantGroup section */

/* Begin XCBuildConfiguration section */
		CD3B521F15FEAA760093DCDB /* Debug */ = {
			isa = XCBuildConfiguration;
			buildSettings = {
				ALWAYS_SEARCH_USER_PATHS = NO;
				ARCHS = "$(ARCHS_STANDARD_32_BIT)";
				CLANG_CXX_LANGUAGE_STANDARD = "gnu++0x";
				CLANG_ENABLE_OBJC_ARC = YES;
				CLANG_WARN__DUPLICATE_METHOD_MATCH = YES;
				"CODE_SIGN_IDENTITY[sdk=iphoneos*]" = "iPhone Developer";
				COPY_PHASE_STRIP = NO;
				GCC_C_LANGUAGE_STANDARD = gnu99;
				GCC_DYNAMIC_NO_PIC = NO;
				GCC_OPTIMIZATION_LEVEL = 0;
				GCC_PREPROCESSOR_DEFINITIONS = (
					"DEBUG=1",
					"$(inherited)",
				);
				GCC_SYMBOLS_PRIVATE_EXTERN = NO;
				GCC_VERSION = com.apple.compilers.llvm.clang.1_0;
				GCC_WARN_ABOUT_RETURN_TYPE = YES;
				GCC_WARN_UNINITIALIZED_AUTOS = YES;
				GCC_WARN_UNUSED_VARIABLE = YES;
				IPHONEOS_DEPLOYMENT_TARGET = 5.1;
				SDKROOT = iphoneos;
				TARGETED_DEVICE_FAMILY = "1,2";
			};
			name = Debug;
		};
		CD3B522015FEAA760093DCDB /* Release */ = {
			isa = XCBuildConfiguration;
			buildSettings = {
				ALWAYS_SEARCH_USER_PATHS = NO;
				ARCHS = "$(ARCHS_STANDARD_32_BIT)";
				CLANG_CXX_LANGUAGE_STANDARD = "gnu++0x";
				CLANG_ENABLE_OBJC_ARC = YES;
				CLANG_WARN__DUPLICATE_METHOD_MATCH = YES;
				"CODE_SIGN_IDENTITY[sdk=iphoneos*]" = "iPhone Developer";
				COPY_PHASE_STRIP = YES;
				GCC_C_LANGUAGE_STANDARD = gnu99;
				GCC_VERSION = com.apple.compilers.llvm.clang.1_0;
				GCC_WARN_ABOUT_RETURN_TYPE = YES;
				GCC_WARN_UNINITIALIZED_AUTOS = YES;
				GCC_WARN_UNUSED_VARIABLE = YES;
				IPHONEOS_DEPLOYMENT_TARGET = 5.1;
				OTHER_CFLAGS = "-DNS_BLOCK_ASSERTIONS=1";
				SDKROOT = iphoneos;
				TARGETED_DEVICE_FAMILY = "1,2";
				VALIDATE_PRODUCT = YES;
			};
			name = Release;
		};
		CD3B522215FEAA760093DCDB /* Debug */ = {
			isa = XCBuildConfiguration;
			buildSettings = {
				GCC_PRECOMPILE_PREFIX_HEADER = YES;
				GCC_PREFIX_HEADER = "Vote2012/Vote2012-Prefix.pch";
				INFOPLIST_FILE = "Vote2012/Vote2012-Info.plist";
				IPHONEOS_DEPLOYMENT_TARGET = 5.0;
				LIBRARY_SEARCH_PATHS = (
					"$(inherited)",
					"\"$(SRCROOT)/Vote2012\"",
				);
				PRODUCT_NAME = "$(TARGET_NAME)";
				TARGETED_DEVICE_FAMILY = 1;
				WRAPPER_EXTENSION = app;
			};
			name = Debug;
		};
		CD3B522315FEAA760093DCDB /* Release */ = {
			isa = XCBuildConfiguration;
			buildSettings = {
				"CODE_SIGN_IDENTITY[sdk=iphoneos*]" = "iPhone Distribution";
				GCC_PRECOMPILE_PREFIX_HEADER = YES;
				GCC_PREFIX_HEADER = "Vote2012/Vote2012-Prefix.pch";
				INFOPLIST_FILE = "Vote2012/Vote2012-Info.plist";
				IPHONEOS_DEPLOYMENT_TARGET = 5.0;
				LIBRARY_SEARCH_PATHS = (
					"$(inherited)",
					"\"$(SRCROOT)/Vote2012\"",
				);
				PRODUCT_NAME = "$(TARGET_NAME)";
				"PROVISIONING_PROFILE[sdk=iphoneos*]" = "";
				TARGETED_DEVICE_FAMILY = 1;
				WRAPPER_EXTENSION = app;
			};
			name = Release;
		};
/* End XCBuildConfiguration section */

/* Begin XCConfigurationList section */
		CD3B51FA15FEAA760093DCDB /* Build configuration list for PBXProject "Vote2012" */ = {
			isa = XCConfigurationList;
			buildConfigurations = (
				CD3B521F15FEAA760093DCDB /* Debug */,
				CD3B522015FEAA760093DCDB /* Release */,
			);
			defaultConfigurationIsVisible = 0;
			defaultConfigurationName = Release;
		};
		CD3B522115FEAA760093DCDB /* Build configuration list for PBXNativeTarget "Vote2012" */ = {
			isa = XCConfigurationList;
			buildConfigurations = (
				CD3B522215FEAA760093DCDB /* Debug */,
				CD3B522315FEAA760093DCDB /* Release */,
			);
			defaultConfigurationIsVisible = 0;
			defaultConfigurationName = Release;
		};
/* End XCConfigurationList section */
	};
	rootObject = CD3B51F715FEAA760093DCDB /* Project object */;
}
