// !$*UTF8*$!
{
	archiveVersion = 1;
	classes = {
	};
	objectVersion = 46;
	objects = {

/* Begin PBXBuildFile section */
		CD228934160A7AD4003A6FFE /* Social.framework in Frameworks */ = {isa = PBXBuildFile; fileRef = CD228933160A7AD4003A6FFE /* Social.framework */; settings = {ATTRIBUTES = (Required, ); }; };
		CD3B520515FEAA760093DCDB /* UIKit.framework in Frameworks */ = {isa = PBXBuildFile; fileRef = CD3B520415FEAA760093DCDB /* UIKit.framework */; };
		CD3B520715FEAA760093DCDB /* Foundation.framework in Frameworks */ = {isa = PBXBuildFile; fileRef = CD3B520615FEAA760093DCDB /* Foundation.framework */; };
		CD3B520915FEAA760093DCDB /* CoreGraphics.framework in Frameworks */ = {isa = PBXBuildFile; fileRef = CD3B520815FEAA760093DCDB /* CoreGraphics.framework */; };
		CD9F192C189F629500B249B2 /* AppDelegate.m in Sources */ = {isa = PBXBuildFile; fileRef = CD9F192B189F629500B249B2 /* AppDelegate.m */; };
		CD9F1930189F62BA00B249B2 /* Appirater.m in Sources */ = {isa = PBXBuildFile; fileRef = CD9F192E189F62BA00B249B2 /* Appirater.m */; };
		CD9F1934189F62E200B249B2 /* libFlurry_4.3.1.a in Frameworks */ = {isa = PBXBuildFile; fileRef = CD9F1932189F62E200B249B2 /* libFlurry_4.3.1.a */; };
		CD9F1939189F62F100B249B2 /* main.m in Sources */ = {isa = PBXBuildFile; fileRef = CD9F1936189F62F100B249B2 /* main.m */; };
		CD9F193D189F630400B249B2 /* Question.m in Sources */ = {isa = PBXBuildFile; fileRef = CD9F193C189F630400B249B2 /* Question.m */; };
		CD9F1940189F634600B249B2 /* MainStoryboard_iPhone.storyboard in Resources */ = {isa = PBXBuildFile; fileRef = CD9F193E189F634600B249B2 /* MainStoryboard_iPhone.storyboard */; };
		CD9F1949189F635B00B249B2 /* ResultsViewController.m in Sources */ = {isa = PBXBuildFile; fileRef = CD9F1942189F635B00B249B2 /* ResultsViewController.m */; };
		CD9F194A189F635B00B249B2 /* ShareViewController.m in Sources */ = {isa = PBXBuildFile; fileRef = CD9F1944189F635B00B249B2 /* ShareViewController.m */; };
		CD9F194B189F635B00B249B2 /* ViewController.m in Sources */ = {isa = PBXBuildFile; fileRef = CD9F1946189F635B00B249B2 /* ViewController.m */; };
		CD9F194C189F635B00B249B2 /* WebViewController.m in Sources */ = {isa = PBXBuildFile; fileRef = CD9F1948189F635B00B249B2 /* WebViewController.m */; };
		CD9F1950189F637C00B249B2 /* Facebook.txt in Resources */ = {isa = PBXBuildFile; fileRef = CD9F194D189F637C00B249B2 /* Facebook.txt */; };
		CD9F1951189F637C00B249B2 /* questions.json in Resources */ = {isa = PBXBuildFile; fileRef = CD9F194E189F637C00B249B2 /* questions.json */; };
		CD9F1952189F637C00B249B2 /* Twitter.txt in Resources */ = {isa = PBXBuildFile; fileRef = CD9F194F189F637C00B249B2 /* Twitter.txt */; };
		CD9F195A189F639300B249B2 /* vote12_512x512@2x.png in Resources */ = {isa = PBXBuildFile; fileRef = CD9F1956189F639300B249B2 /* vote12_512x512@2x.png */; };
		CD9F1961189F63AB00B249B2 /* banner.png in Resources */ = {isa = PBXBuildFile; fileRef = CD9F195B189F63AB00B249B2 /* banner.png */; };
		CD9F1962189F63AB00B249B2 /* banner@2x.png in Resources */ = {isa = PBXBuildFile; fileRef = CD9F195C189F63AB00B249B2 /* banner@2x.png */; };
		CD9F1963189F63AB00B249B2 /* obama.png in Resources */ = {isa = PBXBuildFile; fileRef = CD9F195D189F63AB00B249B2 /* obama.png */; };
		CD9F1964189F63AB00B249B2 /* obama@2x.png in Resources */ = {isa = PBXBuildFile; fileRef = CD9F195E189F63AB00B249B2 /* obama@2x.png */; };
		CD9F1965189F63AB00B249B2 /* romney.png in Resources */ = {isa = PBXBuildFile; fileRef = CD9F195F189F63AB00B249B2 /* romney.png */; };
		CD9F1966189F63AB00B249B2 /* romney@2x.png in Resources */ = {isa = PBXBuildFile; fileRef = CD9F1960189F63AB00B249B2 /* romney@2x.png */; };
		CD9F1981189F63E600B249B2 /* back.png in Resources */ = {isa = PBXBuildFile; fileRef = CD9F1967189F63E600B249B2 /* back.png */; };
		CD9F1982189F63E600B249B2 /* back@2x.png in Resources */ = {isa = PBXBuildFile; fileRef = CD9F1968189F63E600B249B2 /* back@2x.png */; };
		CD9F1983189F63E600B249B2 /* ballotbox_no.png in Resources */ = {isa = PBXBuildFile; fileRef = CD9F1969189F63E600B249B2 /* ballotbox_no.png */; };
		CD9F1984189F63E600B249B2 /* ballotbox_no@2x.png in Resources */ = {isa = PBXBuildFile; fileRef = CD9F196A189F63E600B249B2 /* ballotbox_no@2x.png */; };
		CD9F1985189F63E600B249B2 /* ballotbox_yes.png in Resources */ = {isa = PBXBuildFile; fileRef = CD9F196B189F63E600B249B2 /* ballotbox_yes.png */; };
		CD9F1986189F63E600B249B2 /* ballotbox_yes@2x.png in Resources */ = {isa = PBXBuildFile; fileRef = CD9F196C189F63E600B249B2 /* ballotbox_yes@2x.png */; };
		CD9F1987189F63E600B249B2 /* ballotbox.png in Resources */ = {isa = PBXBuildFile; fileRef = CD9F196D189F63E600B249B2 /* ballotbox.png */; };
		CD9F1988189F63E600B249B2 /* ballotbox@2x.png in Resources */ = {isa = PBXBuildFile; fileRef = CD9F196E189F63E600B249B2 /* ballotbox@2x.png */; };
		CD9F1989189F63E600B249B2 /* close.png in Resources */ = {isa = PBXBuildFile; fileRef = CD9F196F189F63E600B249B2 /* close.png */; };
		CD9F198A189F63E600B249B2 /* close@2x.png in Resources */ = {isa = PBXBuildFile; fileRef = CD9F1970189F63E600B249B2 /* close@2x.png */; };
		CD9F198B189F63E600B249B2 /* facebook.png in Resources */ = {isa = PBXBuildFile; fileRef = CD9F1971189F63E600B249B2 /* facebook.png */; };
		CD9F198C189F63E600B249B2 /* facebook@2x.png in Resources */ = {isa = PBXBuildFile; fileRef = CD9F1972189F63E600B249B2 /* facebook@2x.png */; };
		CD9F198D189F63E600B249B2 /* forward.png in Resources */ = {isa = PBXBuildFile; fileRef = CD9F1973189F63E600B249B2 /* forward.png */; };
		CD9F198E189F63E600B249B2 /* forward@2x.png in Resources */ = {isa = PBXBuildFile; fileRef = CD9F1974189F63E600B249B2 /* forward@2x.png */; };
		CD9F198F189F63E600B249B2 /* info.png in Resources */ = {isa = PBXBuildFile; fileRef = CD9F1975189F63E600B249B2 /* info.png */; };
		CD9F1990189F63E600B249B2 /* info@2x.png in Resources */ = {isa = PBXBuildFile; fileRef = CD9F1976189F63E600B249B2 /* info@2x.png */; };
		CD9F1991189F63E600B249B2 /* share.png in Resources */ = {isa = PBXBuildFile; fileRef = CD9F1977189F63E600B249B2 /* share.png */; };
		CD9F1992189F63E600B249B2 /* share@2x.png in Resources */ = {isa = PBXBuildFile; fileRef = CD9F1978189F63E600B249B2 /* share@2x.png */; };
		CD9F1993189F63E600B249B2 /* start_over.png in Resources */ = {isa = PBXBuildFile; fileRef = CD9F1979189F63E600B249B2 /* start_over.png */; };
		CD9F1994189F63E600B249B2 /* start_over@2x.png in Resources */ = {isa = PBXBuildFile; fileRef = CD9F197A189F63E600B249B2 /* start_over@2x.png */; };
		CD9F1995189F63E600B249B2 /* start_pressed.png in Resources */ = {isa = PBXBuildFile; fileRef = CD9F197B189F63E600B249B2 /* start_pressed.png */; };
		CD9F1996189F63E600B249B2 /* start_pressed@2x.png in Resources */ = {isa = PBXBuildFile; fileRef = CD9F197C189F63E600B249B2 /* start_pressed@2x.png */; };
		CD9F1997189F63E600B249B2 /* start.png in Resources */ = {isa = PBXBuildFile; fileRef = CD9F197D189F63E600B249B2 /* start.png */; };
		CD9F1998189F63E600B249B2 /* start@2x.png in Resources */ = {isa = PBXBuildFile; fileRef = CD9F197E189F63E600B249B2 /* start@2x.png */; };
		CD9F1999189F63E600B249B2 /* twitter.png in Resources */ = {isa = PBXBuildFile; fileRef = CD9F197F189F63E600B249B2 /* twitter.png */; };
		CD9F199A189F63E600B249B2 /* twitter@2x.png in Resources */ = {isa = PBXBuildFile; fileRef = CD9F1980189F63E600B249B2 /* twitter@2x.png */; };
		CD9F19A3189F66EB00B249B2 /* Default-568h@2x.png in Resources */ = {isa = PBXBuildFile; fileRef = CD9F19A0189F66EB00B249B2 /* Default-568h@2x.png */; };
		CD9F19A5189F66EB00B249B2 /* Default@2x.png in Resources */ = {isa = PBXBuildFile; fileRef = CD9F19A2189F66EB00B249B2 /* Default@2x.png */; };
		CD9F19A718A07BFE00B249B2 /* Images.xcassets in Resources */ = {isa = PBXBuildFile; fileRef = CD9F19A618A07BFE00B249B2 /* Images.xcassets */; };
		CD9F19A918A07CF600B249B2 /* vote12_60x60@2x.png in Resources */ = {isa = PBXBuildFile; fileRef = CD9F19A818A07CF600B249B2 /* vote12_60x60@2x.png */; };
		CD9F19AC18A07D9700B249B2 /* vote12_29x29@2x.png in Resources */ = {isa = PBXBuildFile; fileRef = CD9F19AA18A07D9700B249B2 /* vote12_29x29@2x.png */; };
		CD9F19AD18A07D9700B249B2 /* vote12_40x40@2x.png in Resources */ = {isa = PBXBuildFile; fileRef = CD9F19AB18A07D9700B249B2 /* vote12_40x40@2x.png */; };
		CD9F19AF18A07DD900B249B2 /* Default.png in Resources */ = {isa = PBXBuildFile; fileRef = CD9F19AE18A07DD900B249B2 /* Default.png */; };
		CDD6C809189EEF4400EB57C4 /* CFNetwork.framework in Frameworks */ = {isa = PBXBuildFile; fileRef = CDD6C807189EEF4400EB57C4 /* CFNetwork.framework */; };
		CDD6C80A189EEF4400EB57C4 /* StoreKit.framework in Frameworks */ = {isa = PBXBuildFile; fileRef = CDD6C808189EEF4400EB57C4 /* StoreKit.framework */; };
		CDD6C80C189EF0C900EB57C4 /* SystemConfiguration.framework in Frameworks */ = {isa = PBXBuildFile; fileRef = CD734440160C25F30040F96C /* SystemConfiguration.framework */; };
		CDD6C810189EF34300EB57C4 /* Security.framework in Frameworks */ = {isa = PBXBuildFile; fileRef = CDD6C80F189EF34300EB57C4 /* Security.framework */; };
/* End PBXBuildFile section */

/* Begin PBXFileReference section */
		CD228933160A7AD4003A6FFE /* Social.framework */ = {isa = PBXFileReference; lastKnownFileType = wrapper.framework; name = Social.framework; path = System/Library/Frameworks/Social.framework; sourceTree = SDKROOT; };
		CD228935160A7ADE003A6FFE /* Twitter.framework */ = {isa = PBXFileReference; lastKnownFileType = wrapper.framework; name = Twitter.framework; path = System/Library/Frameworks/Twitter.framework; sourceTree = SDKROOT; };
		CD3B520015FEAA760093DCDB /* Vote.app */ = {isa = PBXFileReference; explicitFileType = wrapper.application; includeInIndex = 0; path = Vote.app; sourceTree = BUILT_PRODUCTS_DIR; };
		CD3B520415FEAA760093DCDB /* UIKit.framework */ = {isa = PBXFileReference; lastKnownFileType = wrapper.framework; name = UIKit.framework; path = System/Library/Frameworks/UIKit.framework; sourceTree = SDKROOT; };
		CD3B520615FEAA760093DCDB /* Foundation.framework */ = {isa = PBXFileReference; lastKnownFileType = wrapper.framework; name = Foundation.framework; path = System/Library/Frameworks/Foundation.framework; sourceTree = SDKROOT; };
		CD3B520815FEAA760093DCDB /* CoreGraphics.framework */ = {isa = PBXFileReference; lastKnownFileType = wrapper.framework; name = CoreGraphics.framework; path = System/Library/Frameworks/CoreGraphics.framework; sourceTree = SDKROOT; };
		CD734440160C25F30040F96C /* SystemConfiguration.framework */ = {isa = PBXFileReference; lastKnownFileType = wrapper.framework; name = SystemConfiguration.framework; path = System/Library/Frameworks/SystemConfiguration.framework; sourceTree = SDKROOT; };
		CD9F192A189F629500B249B2 /* AppDelegate.h */ = {isa = PBXFileReference; fileEncoding = 4; lastKnownFileType = sourcecode.c.h; name = AppDelegate.h; path = Vote/AppDelegate.h; sourceTree = SOURCE_ROOT; };
		CD9F192B189F629500B249B2 /* AppDelegate.m */ = {isa = PBXFileReference; fileEncoding = 4; lastKnownFileType = sourcecode.c.objc; name = AppDelegate.m; path = Vote/AppDelegate.m; sourceTree = SOURCE_ROOT; };
		CD9F192D189F62BA00B249B2 /* Appirater.h */ = {isa = PBXFileReference; fileEncoding = 4; lastKnownFileType = sourcecode.c.h; name = Appirater.h; path = Vote/Appirater.h; sourceTree = SOURCE_ROOT; };
		CD9F192E189F62BA00B249B2 /* Appirater.m */ = {isa = PBXFileReference; fileEncoding = 4; lastKnownFileType = sourcecode.c.objc; name = Appirater.m; path = Vote/Appirater.m; sourceTree = SOURCE_ROOT; };
		CD9F192F189F62BA00B249B2 /* AppiraterDelegate.h */ = {isa = PBXFileReference; fileEncoding = 4; lastKnownFileType = sourcecode.c.h; name = AppiraterDelegate.h; path = Vote/AppiraterDelegate.h; sourceTree = SOURCE_ROOT; };
		CD9F1931189F62E200B249B2 /* Flurry.h */ = {isa = PBXFileReference; fileEncoding = 4; lastKnownFileType = sourcecode.c.h; name = Flurry.h; path = Vote/Flurry.h; sourceTree = SOURCE_ROOT; };
		CD9F1932189F62E200B249B2 /* libFlurry_4.3.1.a */ = {isa = PBXFileReference; lastKnownFileType = archive.ar; name = libFlurry_4.3.1.a; path = Vote/libFlurry_4.3.1.a; sourceTree = SOURCE_ROOT; };
		CD9F1936189F62F100B249B2 /* main.m */ = {isa = PBXFileReference; fileEncoding = 4; lastKnownFileType = sourcecode.c.objc; name = main.m; path = Vote/main.m; sourceTree = SOURCE_ROOT; };
		CD9F1938189F62F100B249B2 /* Vote-Prefix.pch */ = {isa = PBXFileReference; fileEncoding = 4; lastKnownFileType = sourcecode.c.h; name = "Vote-Prefix.pch"; path = "Vote/Vote-Prefix.pch"; sourceTree = SOURCE_ROOT; };
		CD9F193B189F630400B249B2 /* Question.h */ = {isa = PBXFileReference; fileEncoding = 4; lastKnownFileType = sourcecode.c.h; name = Question.h; path = Vote/Question.h; sourceTree = SOURCE_ROOT; };
		CD9F193C189F630400B249B2 /* Question.m */ = {isa = PBXFileReference; fileEncoding = 4; lastKnownFileType = sourcecode.c.objc; name = Question.m; path = Vote/Question.m; sourceTree = SOURCE_ROOT; };
		CD9F193F189F634600B249B2 /* en */ = {isa = PBXFileReference; lastKnownFileType = file.storyboard; name = en; path = Vote/en.lproj/MainStoryboard_iPhone.storyboard; sourceTree = SOURCE_ROOT; };
		CD9F1941189F635B00B249B2 /* ResultsViewController.h */ = {isa = PBXFileReference; fileEncoding = 4; lastKnownFileType = sourcecode.c.h; name = ResultsViewController.h; path = Vote/ResultsViewController.h; sourceTree = SOURCE_ROOT; };
		CD9F1942189F635B00B249B2 /* ResultsViewController.m */ = {isa = PBXFileReference; fileEncoding = 4; lastKnownFileType = sourcecode.c.objc; name = ResultsViewController.m; path = Vote/ResultsViewController.m; sourceTree = SOURCE_ROOT; };
		CD9F1943189F635B00B249B2 /* ShareViewController.h */ = {isa = PBXFileReference; fileEncoding = 4; lastKnownFileType = sourcecode.c.h; name = ShareViewController.h; path = Vote/ShareViewController.h; sourceTree = SOURCE_ROOT; };
		CD9F1944189F635B00B249B2 /* ShareViewController.m */ = {isa = PBXFileReference; fileEncoding = 4; lastKnownFileType = sourcecode.c.objc; name = ShareViewController.m; path = Vote/ShareViewController.m; sourceTree = SOURCE_ROOT; };
		CD9F1945189F635B00B249B2 /* ViewController.h */ = {isa = PBXFileReference; fileEncoding = 4; lastKnownFileType = sourcecode.c.h; name = ViewController.h; path = Vote/ViewController.h; sourceTree = SOURCE_ROOT; };
		CD9F1946189F635B00B249B2 /* ViewController.m */ = {isa = PBXFileReference; fileEncoding = 4; lastKnownFileType = sourcecode.c.objc; name = ViewController.m; path = Vote/ViewController.m; sourceTree = SOURCE_ROOT; };
		CD9F1947189F635B00B249B2 /* WebViewController.h */ = {isa = PBXFileReference; fileEncoding = 4; lastKnownFileType = sourcecode.c.h; name = WebViewController.h; path = Vote/WebViewController.h; sourceTree = SOURCE_ROOT; };
		CD9F1948189F635B00B249B2 /* WebViewController.m */ = {isa = PBXFileReference; fileEncoding = 4; lastKnownFileType = sourcecode.c.objc; name = WebViewController.m; path = Vote/WebViewController.m; sourceTree = SOURCE_ROOT; };
		CD9F194D189F637C00B249B2 /* Facebook.txt */ = {isa = PBXFileReference; fileEncoding = 4; lastKnownFileType = text; name = Facebook.txt; path = Vote/Facebook.txt; sourceTree = SOURCE_ROOT; };
		CD9F194E189F637C00B249B2 /* questions.json */ = {isa = PBXFileReference; fileEncoding = 4; lastKnownFileType = text.json; name = questions.json; path = Vote/questions.json; sourceTree = SOURCE_ROOT; };
		CD9F194F189F637C00B249B2 /* Twitter.txt */ = {isa = PBXFileReference; fileEncoding = 4; lastKnownFileType = text; name = Twitter.txt; path = Vote/Twitter.txt; sourceTree = SOURCE_ROOT; };
		CD9F1956189F639300B249B2 /* vote12_512x512@2x.png */ = {isa = PBXFileReference; lastKnownFileType = image.png; name = "vote12_512x512@2x.png"; path = "Vote/vote12_512x512@2x.png"; sourceTree = SOURCE_ROOT; };
		CD9F195B189F63AB00B249B2 /* banner.png */ = {isa = PBXFileReference; lastKnownFileType = image.png; name = banner.png; path = Vote/banner.png; sourceTree = SOURCE_ROOT; };
		CD9F195C189F63AB00B249B2 /* banner@2x.png */ = {isa = PBXFileReference; lastKnownFileType = image.png; name = "banner@2x.png"; path = "Vote/banner@2x.png"; sourceTree = SOURCE_ROOT; };
		CD9F195D189F63AB00B249B2 /* obama.png */ = {isa = PBXFileReference; lastKnownFileType = image.png; name = obama.png; path = Vote/obama.png; sourceTree = SOURCE_ROOT; };
		CD9F195E189F63AB00B249B2 /* obama@2x.png */ = {isa = PBXFileReference; lastKnownFileType = image.png; name = "obama@2x.png"; path = "Vote/obama@2x.png"; sourceTree = SOURCE_ROOT; };
		CD9F195F189F63AB00B249B2 /* romney.png */ = {isa = PBXFileReference; lastKnownFileType = image.png; name = romney.png; path = Vote/romney.png; sourceTree = SOURCE_ROOT; };
		CD9F1960189F63AB00B249B2 /* romney@2x.png */ = {isa = PBXFileReference; lastKnownFileType = image.png; name = "romney@2x.png"; path = "Vote/romney@2x.png"; sourceTree = SOURCE_ROOT; };
		CD9F1967189F63E600B249B2 /* back.png */ = {isa = PBXFileReference; lastKnownFileType = image.png; name = back.png; path = Vote/back.png; sourceTree = SOURCE_ROOT; };
		CD9F1968189F63E600B249B2 /* back@2x.png */ = {isa = PBXFileReference; lastKnownFileType = image.png; name = "back@2x.png"; path = "Vote/back@2x.png"; sourceTree = SOURCE_ROOT; };
		CD9F1969189F63E600B249B2 /* ballotbox_no.png */ = {isa = PBXFileReference; lastKnownFileType = image.png; name = ballotbox_no.png; path = Vote/ballotbox_no.png; sourceTree = SOURCE_ROOT; };
		CD9F196A189F63E600B249B2 /* ballotbox_no@2x.png */ = {isa = PBXFileReference; lastKnownFileType = image.png; name = "ballotbox_no@2x.png"; path = "Vote/ballotbox_no@2x.png"; sourceTree = SOURCE_ROOT; };
		CD9F196B189F63E600B249B2 /* ballotbox_yes.png */ = {isa = PBXFileReference; lastKnownFileType = image.png; name = ballotbox_yes.png; path = Vote/ballotbox_yes.png; sourceTree = SOURCE_ROOT; };
		CD9F196C189F63E600B249B2 /* ballotbox_yes@2x.png */ = {isa = PBXFileReference; lastKnownFileType = image.png; name = "ballotbox_yes@2x.png"; path = "Vote/ballotbox_yes@2x.png"; sourceTree = SOURCE_ROOT; };
		CD9F196D189F63E600B249B2 /* ballotbox.png */ = {isa = PBXFileReference; lastKnownFileType = image.png; name = ballotbox.png; path = Vote/ballotbox.png; sourceTree = SOURCE_ROOT; };
		CD9F196E189F63E600B249B2 /* ballotbox@2x.png */ = {isa = PBXFileReference; lastKnownFileType = image.png; name = "ballotbox@2x.png"; path = "Vote/ballotbox@2x.png"; sourceTree = SOURCE_ROOT; };
		CD9F196F189F63E600B249B2 /* close.png */ = {isa = PBXFileReference; lastKnownFileType = image.png; name = close.png; path = Vote/close.png; sourceTree = SOURCE_ROOT; };
		CD9F1970189F63E600B249B2 /* close@2x.png */ = {isa = PBXFileReference; lastKnownFileType = image.png; name = "close@2x.png"; path = "Vote/close@2x.png"; sourceTree = SOURCE_ROOT; };
		CD9F1971189F63E600B249B2 /* facebook.png */ = {isa = PBXFileReference; lastKnownFileType = image.png; name = facebook.png; path = Vote/facebook.png; sourceTree = SOURCE_ROOT; };
		CD9F1972189F63E600B249B2 /* facebook@2x.png */ = {isa = PBXFileReference; lastKnownFileType = image.png; name = "facebook@2x.png"; path = "Vote/facebook@2x.png"; sourceTree = SOURCE_ROOT; };
		CD9F1973189F63E600B249B2 /* forward.png */ = {isa = PBXFileReference; lastKnownFileType = image.png; name = forward.png; path = Vote/forward.png; sourceTree = SOURCE_ROOT; };
		CD9F1974189F63E600B249B2 /* forward@2x.png */ = {isa = PBXFileReference; lastKnownFileType = image.png; name = "forward@2x.png"; path = "Vote/forward@2x.png"; sourceTree = SOURCE_ROOT; };
		CD9F1975189F63E600B249B2 /* info.png */ = {isa = PBXFileReference; lastKnownFileType = image.png; name = info.png; path = Vote/info.png; sourceTree = SOURCE_ROOT; };
		CD9F1976189F63E600B249B2 /* info@2x.png */ = {isa = PBXFileReference; lastKnownFileType = image.png; name = "info@2x.png"; path = "Vote/info@2x.png"; sourceTree = SOURCE_ROOT; };
		CD9F1977189F63E600B249B2 /* share.png */ = {isa = PBXFileReference; lastKnownFileType = image.png; name = share.png; path = Vote/share.png; sourceTree = SOURCE_ROOT; };
		CD9F1978189F63E600B249B2 /* share@2x.png */ = {isa = PBXFileReference; lastKnownFileType = image.png; name = "share@2x.png"; path = "Vote/share@2x.png"; sourceTree = SOURCE_ROOT; };
		CD9F1979189F63E600B249B2 /* start_over.png */ = {isa = PBXFileReference; lastKnownFileType = image.png; name = start_over.png; path = Vote/start_over.png; sourceTree = SOURCE_ROOT; };
		CD9F197A189F63E600B249B2 /* start_over@2x.png */ = {isa = PBXFileReference; lastKnownFileType = image.png; name = "start_over@2x.png"; path = "Vote/start_over@2x.png"; sourceTree = SOURCE_ROOT; };
		CD9F197B189F63E600B249B2 /* start_pressed.png */ = {isa = PBXFileReference; lastKnownFileType = image.png; name = start_pressed.png; path = Vote/start_pressed.png; sourceTree = SOURCE_ROOT; };
		CD9F197C189F63E600B249B2 /* start_pressed@2x.png */ = {isa = PBXFileReference; lastKnownFileType = image.png; name = "start_pressed@2x.png"; path = "Vote/start_pressed@2x.png"; sourceTree = SOURCE_ROOT; };
		CD9F197D189F63E600B249B2 /* start.png */ = {isa = PBXFileReference; lastKnownFileType = image.png; name = start.png; path = Vote/start.png; sourceTree = SOURCE_ROOT; };
		CD9F197E189F63E600B249B2 /* start@2x.png */ = {isa = PBXFileReference; lastKnownFileType = image.png; name = "start@2x.png"; path = "Vote/start@2x.png"; sourceTree = SOURCE_ROOT; };
		CD9F197F189F63E600B249B2 /* twitter.png */ = {isa = PBXFileReference; lastKnownFileType = image.png; name = twitter.png; path = Vote/twitter.png; sourceTree = SOURCE_ROOT; };
		CD9F1980189F63E600B249B2 /* twitter@2x.png */ = {isa = PBXFileReference; lastKnownFileType = image.png; name = "twitter@2x.png"; path = "Vote/twitter@2x.png"; sourceTree = SOURCE_ROOT; };
		CD9F199F189F661900B249B2 /* Vote-Info.plist */ = {isa = PBXFileReference; lastKnownFileType = text.plist.xml; name = "Vote-Info.plist"; path = "Vote/Vote-Info.plist"; sourceTree = SOURCE_ROOT; };
		CD9F19A0189F66EB00B249B2 /* Default-568h@2x.png */ = {isa = PBXFileReference; lastKnownFileType = image.png; path = "Default-568h@2x.png"; sourceTree = SOURCE_ROOT; };
		CD9F19A2189F66EB00B249B2 /* Default@2x.png */ = {isa = PBXFileReference; lastKnownFileType = image.png; path = "Default@2x.png"; sourceTree = SOURCE_ROOT; };
		CD9F19A618A07BFE00B249B2 /* Images.xcassets */ = {isa = PBXFileReference; lastKnownFileType = folder.assetcatalog; name = Images.xcassets; path = Vote/Images.xcassets; sourceTree = SOURCE_ROOT; };
		CD9F19A818A07CF600B249B2 /* vote12_60x60@2x.png */ = {isa = PBXFileReference; lastKnownFileType = image.png; name = "vote12_60x60@2x.png"; path = "Vote/vote12_60x60@2x.png"; sourceTree = SOURCE_ROOT; };
		CD9F19AA18A07D9700B249B2 /* vote12_29x29@2x.png */ = {isa = PBXFileReference; lastKnownFileType = image.png; name = "vote12_29x29@2x.png"; path = "Vote/vote12_29x29@2x.png"; sourceTree = SOURCE_ROOT; };
		CD9F19AB18A07D9700B249B2 /* vote12_40x40@2x.png */ = {isa = PBXFileReference; lastKnownFileType = image.png; name = "vote12_40x40@2x.png"; path = "Vote/vote12_40x40@2x.png"; sourceTree = SOURCE_ROOT; };
		CD9F19AE18A07DD900B249B2 /* Default.png */ = {isa = PBXFileReference; lastKnownFileType = image.png; path = Default.png; sourceTree = SOURCE_ROOT; };
		CDD6C807189EEF4400EB57C4 /* CFNetwork.framework */ = {isa = PBXFileReference; lastKnownFileType = wrapper.framework; name = CFNetwork.framework; path = System/Library/Frameworks/CFNetwork.framework; sourceTree = SDKROOT; };
		CDD6C808189EEF4400EB57C4 /* StoreKit.framework */ = {isa = PBXFileReference; lastKnownFileType = wrapper.framework; name = StoreKit.framework; path = System/Library/Frameworks/StoreKit.framework; sourceTree = SDKROOT; };
		CDD6C80F189EF34300EB57C4 /* Security.framework */ = {isa = PBXFileReference; lastKnownFileType = wrapper.framework; name = Security.framework; path = System/Library/Frameworks/Security.framework; sourceTree = SDKROOT; };
/* End PBXFileReference section */

/* Begin PBXFrameworksBuildPhase section */
		CD3B51FD15FEAA760093DCDB /* Frameworks */ = {
			isa = PBXFrameworksBuildPhase;
			buildActionMask = 2147483647;
			files = (
				CDD6C810189EF34300EB57C4 /* Security.framework in Frameworks */,
				CDD6C80C189EF0C900EB57C4 /* SystemConfiguration.framework in Frameworks */,
				CDD6C809189EEF4400EB57C4 /* CFNetwork.framework in Frameworks */,
				CDD6C80A189EEF4400EB57C4 /* StoreKit.framework in Frameworks */,
				CD9F1934189F62E200B249B2 /* libFlurry_4.3.1.a in Frameworks */,
				CD228934160A7AD4003A6FFE /* Social.framework in Frameworks */,
				CD3B520515FEAA760093DCDB /* UIKit.framework in Frameworks */,
				CD3B520715FEAA760093DCDB /* Foundation.framework in Frameworks */,
				CD3B520915FEAA760093DCDB /* CoreGraphics.framework in Frameworks */,
			);
			runOnlyForDeploymentPostprocessing = 0;
		};
/* End PBXFrameworksBuildPhase section */

/* Begin PBXGroup section */
		CD3B51F515FEAA760093DCDB = {
			isa = PBXGroup;
			children = (
				CD3B520A15FEAA760093DCDB /* Vote */,
				CD3B520315FEAA760093DCDB /* Frameworks */,
				CD3B520115FEAA760093DCDB /* Products */,
			);
			sourceTree = "<group>";
		};
		CD3B520115FEAA760093DCDB /* Products */ = {
			isa = PBXGroup;
			children = (
				CD3B520015FEAA760093DCDB /* Vote.app */,
			);
			name = Products;
			sourceTree = "<group>";
		};
		CD3B520315FEAA760093DCDB /* Frameworks */ = {
			isa = PBXGroup;
			children = (
				CDD6C80F189EF34300EB57C4 /* Security.framework */,
				CDD6C807189EEF4400EB57C4 /* CFNetwork.framework */,
				CDD6C808189EEF4400EB57C4 /* StoreKit.framework */,
				CD734440160C25F30040F96C /* SystemConfiguration.framework */,
				CD228935160A7ADE003A6FFE /* Twitter.framework */,
				CD228933160A7AD4003A6FFE /* Social.framework */,
				CD3B520415FEAA760093DCDB /* UIKit.framework */,
				CD3B520615FEAA760093DCDB /* Foundation.framework */,
				CD3B520815FEAA760093DCDB /* CoreGraphics.framework */,
			);
			name = Frameworks;
			sourceTree = "<group>";
		};
		CD3B520A15FEAA760093DCDB /* Vote */ = {
			isa = PBXGroup;
			children = (
				CD9F192A189F629500B249B2 /* AppDelegate.h */,
				CD9F192B189F629500B249B2 /* AppDelegate.m */,
				CD3B522415FEAB910093DCDB /* Assets */,
				CD3D9C8B16001AA8003BF30B /* GUI */,
				CD3D9C8A16001A9E003BF30B /* Model */,
				CD3B520B15FEAA760093DCDB /* Supporting Files */,
			);
			name = Vote;
			path = Vote2012;
			sourceTree = "<group>";
		};
		CD3B520B15FEAA760093DCDB /* Supporting Files */ = {
			isa = PBXGroup;
			children = (
				CD9F192D189F62BA00B249B2 /* Appirater.h */,
				CD9F192E189F62BA00B249B2 /* Appirater.m */,
				CD9F192F189F62BA00B249B2 /* AppiraterDelegate.h */,
				CD9F1931189F62E200B249B2 /* Flurry.h */,
				CD9F1932189F62E200B249B2 /* libFlurry_4.3.1.a */,
				CD9F199F189F661900B249B2 /* Vote-Info.plist */,
				CD9F1938189F62F100B249B2 /* Vote-Prefix.pch */,
				CD9F1936189F62F100B249B2 /* main.m */,
			);
			name = "Supporting Files";
			sourceTree = "<group>";
		};
		CD3B522415FEAB910093DCDB /* Assets */ = {
			isa = PBXGroup;
			children = (
				CD7343EE160C1CAD0040F96C /* buttons */,
				CD9F19A618A07BFE00B249B2 /* Images.xcassets */,
				CD9F195B189F63AB00B249B2 /* banner.png */,
				CD9F195C189F63AB00B249B2 /* banner@2x.png */,
				CD9F195D189F63AB00B249B2 /* obama.png */,
				CD9F195E189F63AB00B249B2 /* obama@2x.png */,
				CD9F195F189F63AB00B249B2 /* romney.png */,
				CD9F1960189F63AB00B249B2 /* romney@2x.png */,
				CD9F19AA18A07D9700B249B2 /* vote12_29x29@2x.png */,
				CD9F19AB18A07D9700B249B2 /* vote12_40x40@2x.png */,
				CD9F19A818A07CF600B249B2 /* vote12_60x60@2x.png */,
				CD9F1956189F639300B249B2 /* vote12_512x512@2x.png */,
				CD9F19AE18A07DD900B249B2 /* Default.png */,
				CD9F19A2189F66EB00B249B2 /* Default@2x.png */,
				CD9F19A0189F66EB00B249B2 /* Default-568h@2x.png */,
				CD9F194D189F637C00B249B2 /* Facebook.txt */,
				CD9F194F189F637C00B249B2 /* Twitter.txt */,
				CD9F194E189F637C00B249B2 /* questions.json */,
			);
			name = Assets;
			sourceTree = "<group>";
		};
		CD3D9C8A16001A9E003BF30B /* Model */ = {
			isa = PBXGroup;
			children = (
				CD9F193B189F630400B249B2 /* Question.h */,
				CD9F193C189F630400B249B2 /* Question.m */,
			);
			name = Model;
			sourceTree = "<group>";
		};
		CD3D9C8B16001AA8003BF30B /* GUI */ = {
			isa = PBXGroup;
			children = (
				CD9F193E189F634600B249B2 /* MainStoryboard_iPhone.storyboard */,
				CD9F1945189F635B00B249B2 /* ViewController.h */,
				CD9F1946189F635B00B249B2 /* ViewController.m */,
				CD9F1947189F635B00B249B2 /* WebViewController.h */,
				CD9F1948189F635B00B249B2 /* WebViewController.m */,
				CD9F1941189F635B00B249B2 /* ResultsViewController.h */,
				CD9F1942189F635B00B249B2 /* ResultsViewController.m */,
				CD9F1943189F635B00B249B2 /* ShareViewController.h */,
				CD9F1944189F635B00B249B2 /* ShareViewController.m */,
			);
			name = GUI;
			sourceTree = "<group>";
		};
		CD7343EE160C1CAD0040F96C /* buttons */ = {
			isa = PBXGroup;
			children = (
				CD9F1967189F63E600B249B2 /* back.png */,
				CD9F1968189F63E600B249B2 /* back@2x.png */,
				CD9F1969189F63E600B249B2 /* ballotbox_no.png */,
				CD9F196A189F63E600B249B2 /* ballotbox_no@2x.png */,
				CD9F196B189F63E600B249B2 /* ballotbox_yes.png */,
				CD9F196C189F63E600B249B2 /* ballotbox_yes@2x.png */,
				CD9F196D189F63E600B249B2 /* ballotbox.png */,
				CD9F196E189F63E600B249B2 /* ballotbox@2x.png */,
				CD9F196F189F63E600B249B2 /* close.png */,
				CD9F1970189F63E600B249B2 /* close@2x.png */,
				CD9F1971189F63E600B249B2 /* facebook.png */,
				CD9F1972189F63E600B249B2 /* facebook@2x.png */,
				CD9F1973189F63E600B249B2 /* forward.png */,
				CD9F1974189F63E600B249B2 /* forward@2x.png */,
				CD9F1975189F63E600B249B2 /* info.png */,
				CD9F1976189F63E600B249B2 /* info@2x.png */,
				CD9F1977189F63E600B249B2 /* share.png */,
				CD9F1978189F63E600B249B2 /* share@2x.png */,
				CD9F1979189F63E600B249B2 /* start_over.png */,
				CD9F197A189F63E600B249B2 /* start_over@2x.png */,
				CD9F197B189F63E600B249B2 /* start_pressed.png */,
				CD9F197C189F63E600B249B2 /* start_pressed@2x.png */,
				CD9F197D189F63E600B249B2 /* start.png */,
				CD9F197E189F63E600B249B2 /* start@2x.png */,
				CD9F197F189F63E600B249B2 /* twitter.png */,
				CD9F1980189F63E600B249B2 /* twitter@2x.png */,
			);
			name = buttons;
			sourceTree = "<group>";
		};
/* End PBXGroup section */

/* Begin PBXNativeTarget section */
		CD3B51FF15FEAA760093DCDB /* Vote */ = {
			isa = PBXNativeTarget;
			buildConfigurationList = CD3B522115FEAA760093DCDB /* Build configuration list for PBXNativeTarget "Vote" */;
			buildPhases = (
				CD3B51FC15FEAA760093DCDB /* Sources */,
				CD3B51FD15FEAA760093DCDB /* Frameworks */,
				CD3B51FE15FEAA760093DCDB /* Resources */,
			);
			buildRules = (
			);
			dependencies = (
			);
			name = Vote;
			productName = Vote2012;
			productReference = CD3B520015FEAA760093DCDB /* Vote.app */;
			productType = "com.apple.product-type.application";
		};
/* End PBXNativeTarget section */

/* Begin PBXProject section */
		CD3B51F715FEAA760093DCDB /* Project object */ = {
			isa = PBXProject;
			attributes = {
				LastUpgradeCheck = 0510;
				ORGANIZATIONNAME = "Patrick Crager";
				TargetAttributes = {
					CD3B51FF15FEAA760093DCDB = {
						DevelopmentTeam = JA9LQCT6NB;
					};
				};
			};
			buildConfigurationList = CD3B51FA15FEAA760093DCDB /* Build configuration list for PBXProject "Vote" */;
			compatibilityVersion = "Xcode 3.2";
			developmentRegion = English;
			hasScannedForEncodings = 0;
			knownRegions = (
				en,
			);
			mainGroup = CD3B51F515FEAA760093DCDB;
			productRefGroup = CD3B520115FEAA760093DCDB /* Products */;
			projectDirPath = "";
			projectRoot = "";
			targets = (
				CD3B51FF15FEAA760093DCDB /* Vote */,
			);
		};
/* End PBXProject section */

/* Begin PBXResourcesBuildPhase section */
		CD3B51FE15FEAA760093DCDB /* Resources */ = {
			isa = PBXResourcesBuildPhase;
			buildActionMask = 2147483647;
			files = (
				CD9F19A5189F66EB00B249B2 /* Default@2x.png in Resources */,
				CD9F19A718A07BFE00B249B2 /* Images.xcassets in Resources */,
				CD9F1986189F63E600B249B2 /* ballotbox_yes@2x.png in Resources */,
				CD9F1988189F63E600B249B2 /* ballotbox@2x.png in Resources */,
				CD9F1998189F63E600B249B2 /* start@2x.png in Resources */,
				CD9F19A918A07CF600B249B2 /* vote12_60x60@2x.png in Resources */,
				CD9F1961189F63AB00B249B2 /* banner.png in Resources */,
				CD9F1962189F63AB00B249B2 /* banner@2x.png in Resources */,
				CD9F1951189F637C00B249B2 /* questions.json in Resources */,
				CD9F198B189F63E600B249B2 /* facebook.png in Resources */,
				CD9F1992189F63E600B249B2 /* share@2x.png in Resources */,
				CD9F198A189F63E600B249B2 /* close@2x.png in Resources */,
				CD9F1965189F63AB00B249B2 /* romney.png in Resources */,
				CD9F1991189F63E600B249B2 /* share.png in Resources */,
				CD9F198F189F63E600B249B2 /* info.png in Resources */,
				CD9F19A3189F66EB00B249B2 /* Default-568h@2x.png in Resources */,
				CD9F195A189F639300B249B2 /* vote12_512x512@2x.png in Resources */,
				CD9F1987189F63E600B249B2 /* ballotbox.png in Resources */,
				CD9F1950189F637C00B249B2 /* Facebook.txt in Resources */,
				CD9F198E189F63E600B249B2 /* forward@2x.png in Resources */,
				CD9F1989189F63E600B249B2 /* close.png in Resources */,
				CD9F1985189F63E600B249B2 /* ballotbox_yes.png in Resources */,
				CD9F1940189F634600B249B2 /* MainStoryboard_iPhone.storyboard in Resources */,
				CD9F1996189F63E600B249B2 /* start_pressed@2x.png in Resources */,
				CD9F1999189F63E600B249B2 /* twitter.png in Resources */,
				CD9F1963189F63AB00B249B2 /* obama.png in Resources */,
				CD9F1990189F63E600B249B2 /* info@2x.png in Resources */,
				CD9F198C189F63E600B249B2 /* facebook@2x.png in Resources */,
				CD9F19AC18A07D9700B249B2 /* vote12_29x29@2x.png in Resources */,
				CD9F1982189F63E600B249B2 /* back@2x.png in Resources */,
				CD9F1993189F63E600B249B2 /* start_over.png in Resources */,
				CD9F1984189F63E600B249B2 /* ballotbox_no@2x.png in Resources */,
				CD9F19AD18A07D9700B249B2 /* vote12_40x40@2x.png in Resources */,
				CD9F198D189F63E600B249B2 /* forward.png in Resources */,
				CD9F1966189F63AB00B249B2 /* romney@2x.png in Resources */,
				CD9F1995189F63E600B249B2 /* start_pressed.png in Resources */,
				CD9F1952189F637C00B249B2 /* Twitter.txt in Resources */,
				CD9F1964189F63AB00B249B2 /* obama@2x.png in Resources */,
				CD9F1997189F63E600B249B2 /* start.png in Resources */,
				CD9F1983189F63E600B249B2 /* ballotbox_no.png in Resources */,
				CD9F1994189F63E600B249B2 /* start_over@2x.png in Resources */,
				CD9F1981189F63E600B249B2 /* back.png in Resources */,
				CD9F199A189F63E600B249B2 /* twitter@2x.png in Resources */,
				CD9F19AF18A07DD900B249B2 /* Default.png in Resources */,
			);
			runOnlyForDeploymentPostprocessing = 0;
		};
/* End PBXResourcesBuildPhase section */

/* Begin PBXSourcesBuildPhase section */
		CD3B51FC15FEAA760093DCDB /* Sources */ = {
			isa = PBXSourcesBuildPhase;
			buildActionMask = 2147483647;
			files = (
				CD9F1930189F62BA00B249B2 /* Appirater.m in Sources */,
				CD9F192C189F629500B249B2 /* AppDelegate.m in Sources */,
				CD9F194B189F635B00B249B2 /* ViewController.m in Sources */,
				CD9F193D189F630400B249B2 /* Question.m in Sources */,
				CD9F194C189F635B00B249B2 /* WebViewController.m in Sources */,
				CD9F1949189F635B00B249B2 /* ResultsViewController.m in Sources */,
				CD9F1939189F62F100B249B2 /* main.m in Sources */,
				CD9F194A189F635B00B249B2 /* ShareViewController.m in Sources */,
			);
			runOnlyForDeploymentPostprocessing = 0;
		};
/* End PBXSourcesBuildPhase section */

/* Begin PBXVariantGroup section */
		CD9F193E189F634600B249B2 /* MainStoryboard_iPhone.storyboard */ = {
			isa = PBXVariantGroup;
			children = (
				CD9F193F189F634600B249B2 /* en */,
			);
			name = MainStoryboard_iPhone.storyboard;
			sourceTree = "<group>";
		};
/* End PBXVariantGroup section */

/* Begin XCBuildConfiguration section */
		CD3B521F15FEAA760093DCDB /* Debug */ = {
			isa = XCBuildConfiguration;
			buildSettings = {
				ALWAYS_SEARCH_USER_PATHS = NO;
				CLANG_CXX_LANGUAGE_STANDARD = "gnu++0x";
				CLANG_ENABLE_OBJC_ARC = YES;
				CLANG_WARN_BOOL_CONVERSION = YES;
				CLANG_WARN_CONSTANT_CONVERSION = YES;
				CLANG_WARN_EMPTY_BODY = YES;
				CLANG_WARN_ENUM_CONVERSION = YES;
				CLANG_WARN_INT_CONVERSION = YES;
				CLANG_WARN__DUPLICATE_METHOD_MATCH = YES;
				"CODE_SIGN_IDENTITY[sdk=iphoneos*]" = "iPhone Developer";
				COPY_PHASE_STRIP = NO;
				GCC_C_LANGUAGE_STANDARD = gnu99;
				GCC_DYNAMIC_NO_PIC = NO;
				GCC_OPTIMIZATION_LEVEL = 0;
				GCC_PREPROCESSOR_DEFINITIONS = (
					"DEBUG=1",
					"$(inherited)",
				);
				GCC_SYMBOLS_PRIVATE_EXTERN = NO;
				GCC_VERSION = com.apple.compilers.llvm.clang.1_0;
				GCC_WARN_64_TO_32_BIT_CONVERSION = YES;
				GCC_WARN_ABOUT_RETURN_TYPE = YES;
				GCC_WARN_UNDECLARED_SELECTOR = YES;
				GCC_WARN_UNINITIALIZED_AUTOS = YES;
				GCC_WARN_UNUSED_FUNCTION = YES;
				GCC_WARN_UNUSED_VARIABLE = YES;
				IPHONEOS_DEPLOYMENT_TARGET = 7.0;
				ONLY_ACTIVE_ARCH = YES;
				SDKROOT = iphoneos;
				TARGETED_DEVICE_FAMILY = "1,2";
			};
			name = Debug;
		};
		CD3B522015FEAA760093DCDB /* Release */ = {
			isa = XCBuildConfiguration;
			buildSettings = {
				ALWAYS_SEARCH_USER_PATHS = NO;
				CLANG_CXX_LANGUAGE_STANDARD = "gnu++0x";
				CLANG_ENABLE_OBJC_ARC = YES;
				CLANG_WARN_BOOL_CONVERSION = YES;
				CLANG_WARN_CONSTANT_CONVERSION = YES;
				CLANG_WARN_EMPTY_BODY = YES;
				CLANG_WARN_ENUM_CONVERSION = YES;
				CLANG_WARN_INT_CONVERSION = YES;
				CLANG_WARN__DUPLICATE_METHOD_MATCH = YES;
				"CODE_SIGN_IDENTITY[sdk=iphoneos*]" = "iPhone Developer";
				COPY_PHASE_STRIP = YES;
				GCC_C_LANGUAGE_STANDARD = gnu99;
				GCC_VERSION = com.apple.compilers.llvm.clang.1_0;
				GCC_WARN_64_TO_32_BIT_CONVERSION = YES;
				GCC_WARN_ABOUT_RETURN_TYPE = YES;
				GCC_WARN_UNDECLARED_SELECTOR = YES;
				GCC_WARN_UNINITIALIZED_AUTOS = YES;
				GCC_WARN_UNUSED_FUNCTION = YES;
				GCC_WARN_UNUSED_VARIABLE = YES;
				IPHONEOS_DEPLOYMENT_TARGET = 7.0;
				OTHER_CFLAGS = "-DNS_BLOCK_ASSERTIONS=1";
				SDKROOT = iphoneos;
				TARGETED_DEVICE_FAMILY = "1,2";
				VALIDATE_PRODUCT = YES;
			};
			name = Release;
		};
		CD3B522215FEAA760093DCDB /* Debug */ = {
			isa = XCBuildConfiguration;
			buildSettings = {
				ASSETCATALOG_COMPILER_APPICON_NAME = AppIcon;
				ASSETCATALOG_COMPILER_LAUNCHIMAGE_NAME = LaunchImage;
				CODE_SIGN_IDENTITY = "iPhone Developer";
				"CODE_SIGN_IDENTITY[sdk=iphoneos*]" = "iPhone Developer";
				GCC_PRECOMPILE_PREFIX_HEADER = YES;
				GCC_PREFIX_HEADER = "Vote/Vote-Prefix.pch";
				INFOPLIST_FILE = "Vote/Vote-Info.plist";
				IPHONEOS_DEPLOYMENT_TARGET = 7.0;
				LIBRARY_SEARCH_PATHS = (
					"$(inherited)",
					/Users/patrick/Documents/Vote12/Vote,
				);
				PRODUCT_NAME = Vote;
				PROVISIONING_PROFILE = "";
				TARGETED_DEVICE_FAMILY = 1;
				VALID_ARCHS = "arm64 armv7 armv7s";
				WRAPPER_EXTENSION = app;
			};
			name = Debug;
		};
		CD3B522315FEAA760093DCDB /* Release */ = {
			isa = XCBuildConfiguration;
			buildSettings = {
				ASSETCATALOG_COMPILER_APPICON_NAME = AppIcon;
				ASSETCATALOG_COMPILER_LAUNCHIMAGE_NAME = LaunchImage;
				CODE_SIGN_IDENTITY = "iPhone Developer";
				"CODE_SIGN_IDENTITY[sdk=iphoneos*]" = "iPhone Developer";
				GCC_PRECOMPILE_PREFIX_HEADER = YES;
				GCC_PREFIX_HEADER = "Vote/Vote-Prefix.pch";
				INFOPLIST_FILE = "Vote/Vote-Info.plist";
				IPHONEOS_DEPLOYMENT_TARGET = 7.0;
				LIBRARY_SEARCH_PATHS = (
					"$(inherited)",
					/Users/patrick/Documents/Vote12/Vote,
				);
				PRODUCT_NAME = Vote;
				PROVISIONING_PROFILE = "";
				"PROVISIONING_PROFILE[sdk=iphoneos*]" = "";
				TARGETED_DEVICE_FAMILY = 1;
				VALID_ARCHS = "arm64 armv7 armv7s";
				WRAPPER_EXTENSION = app;
			};
			name = Release;
		};
/* End XCBuildConfiguration section */

/* Begin XCConfigurationList section */
		CD3B51FA15FEAA760093DCDB /* Build configuration list for PBXProject "Vote" */ = {
			isa = XCConfigurationList;
			buildConfigurations = (
				CD3B521F15FEAA760093DCDB /* Debug */,
				CD3B522015FEAA760093DCDB /* Release */,
			);
			defaultConfigurationIsVisible = 0;
			defaultConfigurationName = Release;
		};
		CD3B522115FEAA760093DCDB /* Build configuration list for PBXNativeTarget "Vote" */ = {
			isa = XCConfigurationList;
			buildConfigurations = (
				CD3B522215FEAA760093DCDB /* Debug */,
				CD3B522315FEAA760093DCDB /* Release */,
			);
			defaultConfigurationIsVisible = 0;
			defaultConfigurationName = Release;
		};
/* End XCConfigurationList section */
	};
	rootObject = CD3B51F715FEAA760093DCDB /* Project object */;
}
